
Microsoft Visual Studio Solution File, Format Version 12.00
# Visual Studio Version 17
VisualStudioVersion = 17.8.34330.188
MinimumVisualStudioVersion = 10.0.40219.1
Project("{8BC9CEB8-8B4A-11D0-8D11-00A0C91BC942}") = "000_CPPStart", "000_CPPStart\000_CPPStart.vcxproj", "{21C70D48-FB32-4364-B472-BF04C2C91B4B}"
EndProject
Project("{8BC9CEB8-8B4A-11D0-8D11-00A0C91BC942}") = "001_Compile", "001_Compile\001_Compile.vcxproj", "{7707AC17-3088-4A85-9803-6C1A8B36784A}"
EndProject
Project("{8BC9CEB8-8B4A-11D0-8D11-00A0C91BC942}") = "002_MainFunction", "002_MainFunction\002_MainFunction.vcxproj", "{6FD5421D-7583-488D-B654-BD0F86ACA840}"
EndProject
Project("{8BC9CEB8-8B4A-11D0-8D11-00A0C91BC942}") = "003_Memory", "003_Memory\003_Memory.vcxproj", "{0228888E-F1C9-45E3-9EBE-DD9B6AEFBEA2}"
EndProject
Project("{8BC9CEB8-8B4A-11D0-8D11-00A0C91BC942}") = "004_Function", "004_Function\004_Function.vcxproj", "{7A4B6A9B-D92F-43ED-BCFA-E3A844F74D7A}"
EndProject
Project("{8BC9CEB8-8B4A-11D0-8D11-00A0C91BC942}") = "005_Var", "005_Var\005_Var.vcxproj", "{3377AA80-25FE-4111-9254-A9136BBF9B50}"
EndProject
Project("{8BC9CEB8-8B4A-11D0-8D11-00A0C91BC942}") = "006_VarToMemory", "006_VarToMemory\006_VarToMemory.vcxproj", "{810B068A-EBA6-4B2B-9C4D-07D5B6506EB0}"
EndProject
Project("{8BC9CEB8-8B4A-11D0-8D11-00A0C91BC942}") = "007_GlobalVar", "007_GlobalVar\007_GlobalVar.vcxproj", "{2DF6ED67-2440-43F8-AC12-2910FFBD3B4D}"
EndProject
Project("{8BC9CEB8-8B4A-11D0-8D11-00A0C91BC942}") = "008_Operator", "008_Operator\008_Operator.vcxproj", "{677470DF-16ED-4E74-89CA-289D0769904A}"
EndProject
Project("{2150E333-8FDC-42A3-9474-1A3956D46DE8}") = "Test", "Test", "{BE9B50AC-37FF-4C52-BB89-2A878F87A9DB}"
EndProject
Project("{8BC9CEB8-8B4A-11D0-8D11-00A0C91BC942}") = "IntMax", "IntMax\IntMax.vcxproj", "{82A586DC-C8C6-408D-8A76-7D2F521D0B46}"
EndProject
Project("{8BC9CEB8-8B4A-11D0-8D11-00A0C91BC942}") = "009_FunctionEx", "009_FunctionEx\009_FunctionEx.vcxproj", "{7F28C6C2-AB53-4D9A-8155-9799640FC0C3}"
EndProject
Project("{8BC9CEB8-8B4A-11D0-8D11-00A0C91BC942}") = "010_Pointer", "010_Pointer\010_Pointer.vcxproj", "{A6026AEB-88F2-4F2C-9C9E-75622AC09425}"
EndProject
Project("{8BC9CEB8-8B4A-11D0-8D11-00A0C91BC942}") = "011_Castring", "011_Castring\011_Castring.vcxproj", "{C7D39D7E-0CA2-4DC1-986D-846BA1AC9D2D}"
EndProject
Project("{8BC9CEB8-8B4A-11D0-8D11-00A0C91BC942}") = "012_PointerOperator", "012_PointerOperator\012_PointerOperator.vcxproj", "{3FB5C4C9-E009-4219-93E8-7C715DA701B7}"
EndProject
Project("{8BC9CEB8-8B4A-11D0-8D11-00A0C91BC942}") = "013_Nullptr", "013_Nullptr\013_Nullptr.vcxproj", "{D04F0A16-0117-4144-AC42-5A1B7C267C7B}"
EndProject
Project("{8BC9CEB8-8B4A-11D0-8D11-00A0C91BC942}") = "014_Ref", "014_Ref\014_Ref.vcxproj", "{D6812D54-C05C-4CDE-ACBE-58AE74D455EC}"
EndProject
Project("{8BC9CEB8-8B4A-11D0-8D11-00A0C91BC942}") = "015_Array", "015_Array\015_Array.vcxproj", "{858F6AE3-2B15-4048-82E8-9A2C722295EB}"
EndProject
Project("{8BC9CEB8-8B4A-11D0-8D11-00A0C91BC942}") = "PrameterInter", "PrameterInter\PrameterInter.vcxproj", "{28AB9CDC-9313-4248-AFAD-E7CC81445CA3}"
EndProject
Project("{8BC9CEB8-8B4A-11D0-8D11-00A0C91BC942}") = "016_If", "016_If\016_If.vcxproj", "{792F8A6C-DA0E-42F8-8EB0-6725920814B1}"
EndProject
Project("{8BC9CEB8-8B4A-11D0-8D11-00A0C91BC942}") = "017_swtich", "017_swtich\017_swtich.vcxproj", "{3F06A40C-7C6C-4512-9455-F411CBB5F8D0}"
EndProject
Project("{8BC9CEB8-8B4A-11D0-8D11-00A0C91BC942}") = "018_CharArray", "018_CharArray\018_CharArray.vcxproj", "{9DC23CD4-9F49-4423-BC25-67213C3CD4FD}"
EndProject
Project("{8BC9CEB8-8B4A-11D0-8D11-00A0C91BC942}") = "019_While", "019_While\019_While.vcxproj", "{6F009A20-A410-4408-B4BE-2E0BBE4EF569}"
EndProject
Project("{2150E333-8FDC-42A3-9474-1A3956D46DE8}") = "DOC", "DOC", "{BE0F7BDF-6789-4CF2-9873-0AB457F80285}"
	ProjectSection(SolutionItems) = preProject
		프로그램 코딩의 명심할점.txt = 프로그램 코딩의 명심할점.txt
	EndProjectSection
EndProject
Project("{8BC9CEB8-8B4A-11D0-8D11-00A0C91BC942}") = "020_For", "020_For\020_For.vcxproj", "{E6192DB7-D1E1-488A-99FE-7EB075385EC6}"
EndProject
Project("{8BC9CEB8-8B4A-11D0-8D11-00A0C91BC942}") = "021_OperatorEx", "021_OperatorEx\021_OperatorEx.vcxproj", "{AE7859E8-4733-49E5-9A4E-DF696D54FAD1}"
EndProject
Project("{8BC9CEB8-8B4A-11D0-8D11-00A0C91BC942}") = "022_Printf", "022_Printf\022_Printf.vcxproj", "{887AE892-FCFF-4E82-A497-E84E28D2B303}"
EndProject
Project("{8BC9CEB8-8B4A-11D0-8D11-00A0C91BC942}") = "StringFunction000", "StringFunction000\StringFunction000.vcxproj", "{3EEF51CE-0835-4DA8-99F6-497BFBC09C10}"
EndProject
Project("{8BC9CEB8-8B4A-11D0-8D11-00A0C91BC942}") = "023_ContinueBreak", "023_ContinueBreak\023_ContinueBreak.vcxproj", "{0D2D06BB-7FB2-4375-9291-A2E80CF7AB6F}"
EndProject
Project("{8BC9CEB8-8B4A-11D0-8D11-00A0C91BC942}") = "024_CallingConvention", "024_CallingConvention\024_CallingConvention.vcxproj", "{319ECA8D-5410-4E94-931B-BBCCFB807EAE}"
EndProject
Project("{8BC9CEB8-8B4A-11D0-8D11-00A0C91BC942}") = "025_const", "025_const\025_const.vcxproj", "{D0731554-1448-41F7-9326-88992851DC58}"
EndProject
Project("{8BC9CEB8-8B4A-11D0-8D11-00A0C91BC942}") = "026_constEx", "026_constEx\026_constEx.vcxproj", "{83039E4E-9F2C-4684-A26B-B4FAA2C0AED1}"
EndProject
Project("{8BC9CEB8-8B4A-11D0-8D11-00A0C91BC942}") = "027_charEx", "027_charEx\027_charEx.vcxproj", "{50387E23-E313-4C18-9C4A-5E470BD1E0F0}"
EndProject
Project("{8BC9CEB8-8B4A-11D0-8D11-00A0C91BC942}") = "StringToNumber", "StringToNumber\StringToNumber.vcxproj", "{058BAEE9-FB6B-4998-913B-03F025C0FEE1}"
EndProject
Project("{8BC9CEB8-8B4A-11D0-8D11-00A0C91BC942}") = "028_Variableargument", "028_Variableargument\028_Variableargument.vcxproj", "{7759C6F1-07F5-4812-A740-F80CCAB0E60D}"
EndProject
Project("{8BC9CEB8-8B4A-11D0-8D11-00A0C91BC942}") = "029_MyPrintf", "029_MyPrintf\029_MyPrintf.vcxproj", "{1141E85B-50C3-48A5-B74B-76F55FF01D13}"
EndProject
Project("{8BC9CEB8-8B4A-11D0-8D11-00A0C91BC942}") = "030_PointerEx", "030_PointerEx\030_PointerEx.vcxproj", "{528FCB3E-35ED-46B9-9693-C1C1DBBEE3D8}"
EndProject
Project("{8BC9CEB8-8B4A-11D0-8D11-00A0C91BC942}") = "CharConvert", "CharConvert\CharConvert.vcxproj", "{882F9353-9B9B-4679-B081-FD9DC3F579AB}"
EndProject
Project("{8BC9CEB8-8B4A-11D0-8D11-00A0C91BC942}") = "StringTrim", "StringTrim\StringTrim.vcxproj", "{5B7C5562-022C-4EEC-9B3A-CD5CC2A56733}"
EndProject
Project("{8BC9CEB8-8B4A-11D0-8D11-00A0C91BC942}") = "031_ArrayEx", "031_ArrayEx\031_ArrayEx.vcxproj", "{DEF8099C-139D-47EB-ABD3-3B2DE82BEB3F}"
EndProject
Project("{8BC9CEB8-8B4A-11D0-8D11-00A0C91BC942}") = "032_TextRpgStart", "032_TextRpgStart\032_TextRpgStart.vcxproj", "{5E000B49-01EB-4D24-92CA-4BDD020EA439}"
EndProject
Project("{8BC9CEB8-8B4A-11D0-8D11-00A0C91BC942}") = "033_Random", "033_Random\033_Random.vcxproj", "{0ED4E63B-D450-464D-B944-64EB04B57C28}"
EndProject
Project("{8BC9CEB8-8B4A-11D0-8D11-00A0C91BC942}") = "034_unsigned", "034_unsigned\034_unsigned.vcxproj", "{94CD5155-3646-4515-8F75-714CAA857D77}"
EndProject
Project("{8BC9CEB8-8B4A-11D0-8D11-00A0C91BC942}") = "035_Typedef", "035_Typedef\035_Typedef.vcxproj", "{6A59522C-79D4-4F13-89C2-8D365CAA87A8}"
EndProject
Project("{8BC9CEB8-8B4A-11D0-8D11-00A0C91BC942}") = "036_OOPStart", "036_OOPStart\036_OOPStart.vcxproj", "{281664C6-F48B-46FF-986D-0F24EAD5BE64}"
EndProject
Project("{8BC9CEB8-8B4A-11D0-8D11-00A0C91BC942}") = "037_Object", "037_Object\037_Object.vcxproj", "{9311357E-05CF-47BD-A7CA-99DB7A0031FE}"
EndProject
Project("{8BC9CEB8-8B4A-11D0-8D11-00A0C91BC942}") = "038_ClassBase", "038_ClassBase\038_ClassBase.vcxproj", "{C3142794-D7C2-4638-A3F3-3A7C078FEC32}"
EndProject
Project("{8BC9CEB8-8B4A-11D0-8D11-00A0C91BC942}") = "039_AccessSpecifier", "039_AccessSpecifier\039_AccessSpecifier.vcxproj", "{AF4BA728-01B4-4443-95CD-71F2E0252379}"
EndProject
Project("{8BC9CEB8-8B4A-11D0-8D11-00A0C91BC942}") = "040_Struct", "040_Struct\040_Struct.vcxproj", "{F76320A3-0722-484F-8B8C-35A3DD680F3F}"
EndProject
Project("{8BC9CEB8-8B4A-11D0-8D11-00A0C91BC942}") = "041_Constructor", "041_Constructor\041_Constructor.vcxproj", "{42A7EA92-F606-4283-92BE-73E4E9E7F171}"
EndProject
Project("{8BC9CEB8-8B4A-11D0-8D11-00A0C91BC942}") = "042_Member", "042_Member\042_Member.vcxproj", "{E7269F6E-2C0F-43E7-AC62-B69D50FC2803}"
EndProject
Project("{8BC9CEB8-8B4A-11D0-8D11-00A0C91BC942}") = "043_Overload", "043_Overload\043_Overload.vcxproj", "{898AFE30-040B-443A-A2F0-D3D3D9E646D0}"
EndProject
Project("{8BC9CEB8-8B4A-11D0-8D11-00A0C91BC942}") = "044_OperatorOverLoad", "044_OperatorOverLoad\044_OperatorOverLoad.vcxproj", "{72C1522C-6580-4589-8EF0-5D8E868D5307}"
EndProject
Project("{8BC9CEB8-8B4A-11D0-8D11-00A0C91BC942}") = "045_TextRpgClassVer", "045_TextRpgClassVer\045_TextRpgClassVer.vcxproj", "{B6427247-DF45-4D8E-AF68-511107516B8D}"
EndProject
Project("{2150E333-8FDC-42A3-9474-1A3956D46DE8}") = "Game", "Game", "{AB761F73-83DF-49E5-B238-DB642AAF3B7D}"
EndProject
Project("{8BC9CEB8-8B4A-11D0-8D11-00A0C91BC942}") = "046_2DArray", "046_2DArray\046_2DArray.vcxproj", "{6D408553-25AC-417E-BE6B-20CE68C692A1}"
EndProject
Project("{8BC9CEB8-8B4A-11D0-8D11-00A0C91BC942}") = "047_RefEx", "047_RefEx\047_RefEx.vcxproj", "{30AE3DB4-896F-4593-B8EB-49C2025B3233}"
EndProject
Project("{8BC9CEB8-8B4A-11D0-8D11-00A0C91BC942}") = "048_classMemory", "048_classMemory\048_classMemory.vcxproj", "{258BA252-725B-46E9-8256-22E3BC9F216D}"
EndProject
Project("{8BC9CEB8-8B4A-11D0-8D11-00A0C91BC942}") = "049_this", "049_this\049_this.vcxproj", "{A2F29BF4-F52B-4A84-AC2F-BB96E0EC8AC2}"
EndProject
Project("{8BC9CEB8-8B4A-11D0-8D11-00A0C91BC942}") = "050_DeclarationAnDrealization", "050_DeclarationAnDrealization\050_DeclarationAnDrealization.vcxproj", "{C0AF3923-A87B-4EA8-B45B-961CC6748898}"
EndProject
Project("{8BC9CEB8-8B4A-11D0-8D11-00A0C91BC942}") = "051_HeaderAndCpp", "051_HeaderAndCpp\051_HeaderAndCpp.vcxproj", "{979ABB73-ABCB-433F-891A-38E7816140DA}"
EndProject
Project("{8BC9CEB8-8B4A-11D0-8D11-00A0C91BC942}") = "052_IncludeEX", "052_IncludeEX\052_IncludeEX.vcxproj", "{F3A7C18F-9586-42B7-9B6A-2EB50A672990}"
EndProject
Project("{8BC9CEB8-8B4A-11D0-8D11-00A0C91BC942}") = "053_IncludeEX2", "053_IncludeEX2\053_IncludeEX2.vcxproj", "{4A0A2B98-ECA3-42E3-9E62-B1C6B8FD799C}"
EndProject
Project("{8BC9CEB8-8B4A-11D0-8D11-00A0C91BC942}") = "054_CompileEx", "054_CompileEx\054_CompileEx.vcxproj", "{C7112F6B-39B3-4142-842F-409CB2DAE5A0}"
EndProject
Project("{8BC9CEB8-8B4A-11D0-8D11-00A0C91BC942}") = "055_inheritance", "055_inheritance\055_inheritance.vcxproj", "{AFD1D145-06DB-41BF-9990-B03A9F8DC6C4}"
EndProject
Project("{8BC9CEB8-8B4A-11D0-8D11-00A0C91BC942}") = "056_inheritanceMemory", "056_inheritanceMemory\056_inheritanceMemory.vcxproj", "{0C28B4FD-1C14-4E61-B70C-306E3FAC49AC}"
EndProject
Project("{8BC9CEB8-8B4A-11D0-8D11-00A0C91BC942}") = "057_HasA_IsA", "057_HasA_IsA\057_HasA_IsA.vcxproj", "{A2CBA1D7-4FB3-4A7E-AA86-C8656A734EB3}"
EndProject
Project("{8BC9CEB8-8B4A-11D0-8D11-00A0C91BC942}") = "058_Multiinheritance", "058_Multiinheritance\058_Multiinheritance.vcxproj", "{1B3A9B81-50D4-4B45-B6E0-0F6AAEE6185D}"
EndProject
Project("{8BC9CEB8-8B4A-11D0-8D11-00A0C91BC942}") = "059_DownCasting", "059_DownCasting\059_DownCasting.vcxproj", "{E1433EA7-2D08-4FE8-AD69-7EF7F6165411}"
EndProject
Project("{8BC9CEB8-8B4A-11D0-8D11-00A0C91BC942}") = "060_MemberFunctionConst", "060_MemberFunctionConst\060_MemberFunctionConst.vcxproj", "{ACB8CDAA-E35B-40C9-B29A-127A34B601EA}"
EndProject
Project("{8BC9CEB8-8B4A-11D0-8D11-00A0C91BC942}") = "TextRpg", "TextRpg\TextRpg.vcxproj", "{BE03D7C9-02C0-4833-A6BF-67D3AE2C3F69}"
EndProject
Project("{8BC9CEB8-8B4A-11D0-8D11-00A0C91BC942}") = "061_Virtual", "061_Virtual\061_Virtual.vcxproj", "{C7A45422-FC31-4B20-AB90-962FAB66257B}"
EndProject
Project("{8BC9CEB8-8B4A-11D0-8D11-00A0C91BC942}") = "062_FunctionPointer", "062_FunctionPointer\062_FunctionPointer.vcxproj", "{82E55138-BA44-4435-B380-DC413F581B8D}"
EndProject
Project("{8BC9CEB8-8B4A-11D0-8D11-00A0C91BC942}") = "063_VRTRTable", "063_VRTRTable\063_VRTRTable.vcxproj", "{B9A64F82-C536-49F1-8CD7-21DAC2662359}"
EndProject
Project("{8BC9CEB8-8B4A-11D0-8D11-00A0C91BC942}") = "064_FunctionPointerEx", "064_FunctionPointerEx\064_FunctionPointerEx.vcxproj", "{49E22837-A0FB-4C9A-A25C-CB18D2CAD7F2}"
EndProject
Project("{8BC9CEB8-8B4A-11D0-8D11-00A0C91BC942}") = "065_Enum", "065_Enum\065_Enum.vcxproj", "{F658A1A2-DDE7-4A2F-9062-F85010EE5C3E}"
EndProject
Project("{8BC9CEB8-8B4A-11D0-8D11-00A0C91BC942}") = "066_Typedef", "066_Typedef\066_Typedef.vcxproj", "{33FB761C-42D4-4C7F-8B7D-27AB87E94989}"
EndProject
Project("{8BC9CEB8-8B4A-11D0-8D11-00A0C91BC942}") = "067_namespace", "067_namespace\067_namespace.vcxproj", "{C06D2226-A11A-4D39-B83F-A4600A509F4E}"
EndProject
Project("{8BC9CEB8-8B4A-11D0-8D11-00A0C91BC942}") = "068_MyCout", "068_MyCout\068_MyCout.vcxproj", "{A9BE8A11-FFA7-453B-996D-9A7106F7C3D4}"
EndProject
Project("{8BC9CEB8-8B4A-11D0-8D11-00A0C91BC942}") = "069_New", "069_New\069_New.vcxproj", "{31F39521-C1C8-43A7-BCB3-F3BAAA98ED54}"
EndProject
Project("{8BC9CEB8-8B4A-11D0-8D11-00A0C91BC942}") = "070_Leak", "070_Leak\070_Leak.vcxproj", "{E4C799B7-9077-45DB-A982-B09EA6158E00}"
EndProject
Project("{8BC9CEB8-8B4A-11D0-8D11-00A0C91BC942}") = "StringContains", "StringContains\StringContains.vcxproj", "{4992013E-FE70-414A-B0EF-BAB251444D40}"
EndProject
Project("{8BC9CEB8-8B4A-11D0-8D11-00A0C91BC942}") = "071_NewEx", "071_NewEx\071_NewEx.vcxproj", "{1175DC58-B0A7-4E54-BF35-750D642C9578}"
EndProject
Project("{8BC9CEB8-8B4A-11D0-8D11-00A0C91BC942}") = "072_DanglingPointer", "072_DanglingPointer\072_DanglingPointer.vcxproj", "{6A14C7A1-A172-4433-940C-B2357B74DBC0}"
EndProject
Project("{2150E333-8FDC-42A3-9474-1A3956D46DE8}") = "Egine", "Egine", "{9AE871EC-6769-436C-A224-A7E114E9A786}"
EndProject
Project("{8BC9CEB8-8B4A-11D0-8D11-00A0C91BC942}") = "ConsoleEngine", "ConsoleEngine\ConsoleEngine.vcxproj", "{E70BBAC2-34ED-488A-8B88-7A0CF0F18AC7}"
EndProject
Project("{8BC9CEB8-8B4A-11D0-8D11-00A0C91BC942}") = "Galaga", "Galaga\Galaga.vcxproj", "{0720A8AF-2215-4A12-A538-DE5AD9F65ABC}"
EndProject
Project("{8BC9CEB8-8B4A-11D0-8D11-00A0C91BC942}") = "073_Assert", "073_Assert\073_Assert.vcxproj", "{F23E672D-2E33-434B-A246-233BC1CB695F}"
EndProject
Project("{8BC9CEB8-8B4A-11D0-8D11-00A0C91BC942}") = "074_Define", "074_Define\074_Define.vcxproj", "{D776F376-1D68-4422-9216-18EB27CA2468}"
EndProject
Global
	GlobalSection(SolutionConfigurationPlatforms) = preSolution
		Debug|x64 = Debug|x64
		Debug|x86 = Debug|x86
		Release|x64 = Release|x64
		Release|x86 = Release|x86
	EndGlobalSection
	GlobalSection(ProjectConfigurationPlatforms) = postSolution
		{21C70D48-FB32-4364-B472-BF04C2C91B4B}.Debug|x64.ActiveCfg = Debug|x64
		{21C70D48-FB32-4364-B472-BF04C2C91B4B}.Debug|x64.Build.0 = Debug|x64
		{21C70D48-FB32-4364-B472-BF04C2C91B4B}.Debug|x86.ActiveCfg = Debug|Win32
		{21C70D48-FB32-4364-B472-BF04C2C91B4B}.Debug|x86.Build.0 = Debug|Win32
		{21C70D48-FB32-4364-B472-BF04C2C91B4B}.Release|x64.ActiveCfg = Release|x64
		{21C70D48-FB32-4364-B472-BF04C2C91B4B}.Release|x64.Build.0 = Release|x64
		{21C70D48-FB32-4364-B472-BF04C2C91B4B}.Release|x86.ActiveCfg = Release|Win32
		{21C70D48-FB32-4364-B472-BF04C2C91B4B}.Release|x86.Build.0 = Release|Win32
		{7707AC17-3088-4A85-9803-6C1A8B36784A}.Debug|x64.ActiveCfg = Debug|x64
		{7707AC17-3088-4A85-9803-6C1A8B36784A}.Debug|x64.Build.0 = Debug|x64
		{7707AC17-3088-4A85-9803-6C1A8B36784A}.Debug|x86.ActiveCfg = Debug|Win32
		{7707AC17-3088-4A85-9803-6C1A8B36784A}.Debug|x86.Build.0 = Debug|Win32
		{7707AC17-3088-4A85-9803-6C1A8B36784A}.Release|x64.ActiveCfg = Release|x64
		{7707AC17-3088-4A85-9803-6C1A8B36784A}.Release|x64.Build.0 = Release|x64
		{7707AC17-3088-4A85-9803-6C1A8B36784A}.Release|x86.ActiveCfg = Release|Win32
		{7707AC17-3088-4A85-9803-6C1A8B36784A}.Release|x86.Build.0 = Release|Win32
		{6FD5421D-7583-488D-B654-BD0F86ACA840}.Debug|x64.ActiveCfg = Debug|x64
		{6FD5421D-7583-488D-B654-BD0F86ACA840}.Debug|x64.Build.0 = Debug|x64
		{6FD5421D-7583-488D-B654-BD0F86ACA840}.Debug|x86.ActiveCfg = Debug|Win32
		{6FD5421D-7583-488D-B654-BD0F86ACA840}.Debug|x86.Build.0 = Debug|Win32
		{6FD5421D-7583-488D-B654-BD0F86ACA840}.Release|x64.ActiveCfg = Release|x64
		{6FD5421D-7583-488D-B654-BD0F86ACA840}.Release|x64.Build.0 = Release|x64
		{6FD5421D-7583-488D-B654-BD0F86ACA840}.Release|x86.ActiveCfg = Release|Win32
		{6FD5421D-7583-488D-B654-BD0F86ACA840}.Release|x86.Build.0 = Release|Win32
		{0228888E-F1C9-45E3-9EBE-DD9B6AEFBEA2}.Debug|x64.ActiveCfg = Debug|x64
		{0228888E-F1C9-45E3-9EBE-DD9B6AEFBEA2}.Debug|x64.Build.0 = Debug|x64
		{0228888E-F1C9-45E3-9EBE-DD9B6AEFBEA2}.Debug|x86.ActiveCfg = Debug|Win32
		{0228888E-F1C9-45E3-9EBE-DD9B6AEFBEA2}.Debug|x86.Build.0 = Debug|Win32
		{0228888E-F1C9-45E3-9EBE-DD9B6AEFBEA2}.Release|x64.ActiveCfg = Release|x64
		{0228888E-F1C9-45E3-9EBE-DD9B6AEFBEA2}.Release|x64.Build.0 = Release|x64
		{0228888E-F1C9-45E3-9EBE-DD9B6AEFBEA2}.Release|x86.ActiveCfg = Release|Win32
		{0228888E-F1C9-45E3-9EBE-DD9B6AEFBEA2}.Release|x86.Build.0 = Release|Win32
		{7A4B6A9B-D92F-43ED-BCFA-E3A844F74D7A}.Debug|x64.ActiveCfg = Debug|x64
		{7A4B6A9B-D92F-43ED-BCFA-E3A844F74D7A}.Debug|x64.Build.0 = Debug|x64
		{7A4B6A9B-D92F-43ED-BCFA-E3A844F74D7A}.Debug|x86.ActiveCfg = Debug|Win32
		{7A4B6A9B-D92F-43ED-BCFA-E3A844F74D7A}.Debug|x86.Build.0 = Debug|Win32
		{7A4B6A9B-D92F-43ED-BCFA-E3A844F74D7A}.Release|x64.ActiveCfg = Release|x64
		{7A4B6A9B-D92F-43ED-BCFA-E3A844F74D7A}.Release|x64.Build.0 = Release|x64
		{7A4B6A9B-D92F-43ED-BCFA-E3A844F74D7A}.Release|x86.ActiveCfg = Release|Win32
		{7A4B6A9B-D92F-43ED-BCFA-E3A844F74D7A}.Release|x86.Build.0 = Release|Win32
		{3377AA80-25FE-4111-9254-A9136BBF9B50}.Debug|x64.ActiveCfg = Debug|x64
		{3377AA80-25FE-4111-9254-A9136BBF9B50}.Debug|x64.Build.0 = Debug|x64
		{3377AA80-25FE-4111-9254-A9136BBF9B50}.Debug|x86.ActiveCfg = Debug|Win32
		{3377AA80-25FE-4111-9254-A9136BBF9B50}.Debug|x86.Build.0 = Debug|Win32
		{3377AA80-25FE-4111-9254-A9136BBF9B50}.Release|x64.ActiveCfg = Release|x64
		{3377AA80-25FE-4111-9254-A9136BBF9B50}.Release|x64.Build.0 = Release|x64
		{3377AA80-25FE-4111-9254-A9136BBF9B50}.Release|x86.ActiveCfg = Release|Win32
		{3377AA80-25FE-4111-9254-A9136BBF9B50}.Release|x86.Build.0 = Release|Win32
		{810B068A-EBA6-4B2B-9C4D-07D5B6506EB0}.Debug|x64.ActiveCfg = Debug|x64
		{810B068A-EBA6-4B2B-9C4D-07D5B6506EB0}.Debug|x64.Build.0 = Debug|x64
		{810B068A-EBA6-4B2B-9C4D-07D5B6506EB0}.Debug|x86.ActiveCfg = Debug|Win32
		{810B068A-EBA6-4B2B-9C4D-07D5B6506EB0}.Debug|x86.Build.0 = Debug|Win32
		{810B068A-EBA6-4B2B-9C4D-07D5B6506EB0}.Release|x64.ActiveCfg = Release|x64
		{810B068A-EBA6-4B2B-9C4D-07D5B6506EB0}.Release|x64.Build.0 = Release|x64
		{810B068A-EBA6-4B2B-9C4D-07D5B6506EB0}.Release|x86.ActiveCfg = Release|Win32
		{810B068A-EBA6-4B2B-9C4D-07D5B6506EB0}.Release|x86.Build.0 = Release|Win32
		{2DF6ED67-2440-43F8-AC12-2910FFBD3B4D}.Debug|x64.ActiveCfg = Debug|x64
		{2DF6ED67-2440-43F8-AC12-2910FFBD3B4D}.Debug|x64.Build.0 = Debug|x64
		{2DF6ED67-2440-43F8-AC12-2910FFBD3B4D}.Debug|x86.ActiveCfg = Debug|Win32
		{2DF6ED67-2440-43F8-AC12-2910FFBD3B4D}.Debug|x86.Build.0 = Debug|Win32
		{2DF6ED67-2440-43F8-AC12-2910FFBD3B4D}.Release|x64.ActiveCfg = Release|x64
		{2DF6ED67-2440-43F8-AC12-2910FFBD3B4D}.Release|x64.Build.0 = Release|x64
		{2DF6ED67-2440-43F8-AC12-2910FFBD3B4D}.Release|x86.ActiveCfg = Release|Win32
		{2DF6ED67-2440-43F8-AC12-2910FFBD3B4D}.Release|x86.Build.0 = Release|Win32
		{677470DF-16ED-4E74-89CA-289D0769904A}.Debug|x64.ActiveCfg = Debug|x64
		{677470DF-16ED-4E74-89CA-289D0769904A}.Debug|x64.Build.0 = Debug|x64
		{677470DF-16ED-4E74-89CA-289D0769904A}.Debug|x86.ActiveCfg = Debug|Win32
		{677470DF-16ED-4E74-89CA-289D0769904A}.Debug|x86.Build.0 = Debug|Win32
		{677470DF-16ED-4E74-89CA-289D0769904A}.Release|x64.ActiveCfg = Release|x64
		{677470DF-16ED-4E74-89CA-289D0769904A}.Release|x64.Build.0 = Release|x64
		{677470DF-16ED-4E74-89CA-289D0769904A}.Release|x86.ActiveCfg = Release|Win32
		{677470DF-16ED-4E74-89CA-289D0769904A}.Release|x86.Build.0 = Release|Win32
		{82A586DC-C8C6-408D-8A76-7D2F521D0B46}.Debug|x64.ActiveCfg = Debug|x64
		{82A586DC-C8C6-408D-8A76-7D2F521D0B46}.Debug|x64.Build.0 = Debug|x64
		{82A586DC-C8C6-408D-8A76-7D2F521D0B46}.Debug|x86.ActiveCfg = Debug|Win32
		{82A586DC-C8C6-408D-8A76-7D2F521D0B46}.Debug|x86.Build.0 = Debug|Win32
		{82A586DC-C8C6-408D-8A76-7D2F521D0B46}.Release|x64.ActiveCfg = Release|x64
		{82A586DC-C8C6-408D-8A76-7D2F521D0B46}.Release|x64.Build.0 = Release|x64
		{82A586DC-C8C6-408D-8A76-7D2F521D0B46}.Release|x86.ActiveCfg = Release|Win32
		{82A586DC-C8C6-408D-8A76-7D2F521D0B46}.Release|x86.Build.0 = Release|Win32
		{7F28C6C2-AB53-4D9A-8155-9799640FC0C3}.Debug|x64.ActiveCfg = Debug|x64
		{7F28C6C2-AB53-4D9A-8155-9799640FC0C3}.Debug|x64.Build.0 = Debug|x64
		{7F28C6C2-AB53-4D9A-8155-9799640FC0C3}.Debug|x86.ActiveCfg = Debug|Win32
		{7F28C6C2-AB53-4D9A-8155-9799640FC0C3}.Debug|x86.Build.0 = Debug|Win32
		{7F28C6C2-AB53-4D9A-8155-9799640FC0C3}.Release|x64.ActiveCfg = Release|x64
		{7F28C6C2-AB53-4D9A-8155-9799640FC0C3}.Release|x64.Build.0 = Release|x64
		{7F28C6C2-AB53-4D9A-8155-9799640FC0C3}.Release|x86.ActiveCfg = Release|Win32
		{7F28C6C2-AB53-4D9A-8155-9799640FC0C3}.Release|x86.Build.0 = Release|Win32
		{A6026AEB-88F2-4F2C-9C9E-75622AC09425}.Debug|x64.ActiveCfg = Debug|x64
		{A6026AEB-88F2-4F2C-9C9E-75622AC09425}.Debug|x64.Build.0 = Debug|x64
		{A6026AEB-88F2-4F2C-9C9E-75622AC09425}.Debug|x86.ActiveCfg = Debug|Win32
		{A6026AEB-88F2-4F2C-9C9E-75622AC09425}.Debug|x86.Build.0 = Debug|Win32
		{A6026AEB-88F2-4F2C-9C9E-75622AC09425}.Release|x64.ActiveCfg = Release|x64
		{A6026AEB-88F2-4F2C-9C9E-75622AC09425}.Release|x64.Build.0 = Release|x64
		{A6026AEB-88F2-4F2C-9C9E-75622AC09425}.Release|x86.ActiveCfg = Release|Win32
		{A6026AEB-88F2-4F2C-9C9E-75622AC09425}.Release|x86.Build.0 = Release|Win32
		{C7D39D7E-0CA2-4DC1-986D-846BA1AC9D2D}.Debug|x64.ActiveCfg = Debug|x64
		{C7D39D7E-0CA2-4DC1-986D-846BA1AC9D2D}.Debug|x64.Build.0 = Debug|x64
		{C7D39D7E-0CA2-4DC1-986D-846BA1AC9D2D}.Debug|x86.ActiveCfg = Debug|Win32
		{C7D39D7E-0CA2-4DC1-986D-846BA1AC9D2D}.Debug|x86.Build.0 = Debug|Win32
		{C7D39D7E-0CA2-4DC1-986D-846BA1AC9D2D}.Release|x64.ActiveCfg = Release|x64
		{C7D39D7E-0CA2-4DC1-986D-846BA1AC9D2D}.Release|x64.Build.0 = Release|x64
		{C7D39D7E-0CA2-4DC1-986D-846BA1AC9D2D}.Release|x86.ActiveCfg = Release|Win32
		{C7D39D7E-0CA2-4DC1-986D-846BA1AC9D2D}.Release|x86.Build.0 = Release|Win32
		{3FB5C4C9-E009-4219-93E8-7C715DA701B7}.Debug|x64.ActiveCfg = Debug|x64
		{3FB5C4C9-E009-4219-93E8-7C715DA701B7}.Debug|x64.Build.0 = Debug|x64
		{3FB5C4C9-E009-4219-93E8-7C715DA701B7}.Debug|x86.ActiveCfg = Debug|Win32
		{3FB5C4C9-E009-4219-93E8-7C715DA701B7}.Debug|x86.Build.0 = Debug|Win32
		{3FB5C4C9-E009-4219-93E8-7C715DA701B7}.Release|x64.ActiveCfg = Release|x64
		{3FB5C4C9-E009-4219-93E8-7C715DA701B7}.Release|x64.Build.0 = Release|x64
		{3FB5C4C9-E009-4219-93E8-7C715DA701B7}.Release|x86.ActiveCfg = Release|Win32
		{3FB5C4C9-E009-4219-93E8-7C715DA701B7}.Release|x86.Build.0 = Release|Win32
		{D04F0A16-0117-4144-AC42-5A1B7C267C7B}.Debug|x64.ActiveCfg = Debug|x64
		{D04F0A16-0117-4144-AC42-5A1B7C267C7B}.Debug|x64.Build.0 = Debug|x64
		{D04F0A16-0117-4144-AC42-5A1B7C267C7B}.Debug|x86.ActiveCfg = Debug|Win32
		{D04F0A16-0117-4144-AC42-5A1B7C267C7B}.Debug|x86.Build.0 = Debug|Win32
		{D04F0A16-0117-4144-AC42-5A1B7C267C7B}.Release|x64.ActiveCfg = Release|x64
		{D04F0A16-0117-4144-AC42-5A1B7C267C7B}.Release|x64.Build.0 = Release|x64
		{D04F0A16-0117-4144-AC42-5A1B7C267C7B}.Release|x86.ActiveCfg = Release|Win32
		{D04F0A16-0117-4144-AC42-5A1B7C267C7B}.Release|x86.Build.0 = Release|Win32
		{D6812D54-C05C-4CDE-ACBE-58AE74D455EC}.Debug|x64.ActiveCfg = Debug|x64
		{D6812D54-C05C-4CDE-ACBE-58AE74D455EC}.Debug|x64.Build.0 = Debug|x64
		{D6812D54-C05C-4CDE-ACBE-58AE74D455EC}.Debug|x86.ActiveCfg = Debug|Win32
		{D6812D54-C05C-4CDE-ACBE-58AE74D455EC}.Debug|x86.Build.0 = Debug|Win32
		{D6812D54-C05C-4CDE-ACBE-58AE74D455EC}.Release|x64.ActiveCfg = Release|x64
		{D6812D54-C05C-4CDE-ACBE-58AE74D455EC}.Release|x64.Build.0 = Release|x64
		{D6812D54-C05C-4CDE-ACBE-58AE74D455EC}.Release|x86.ActiveCfg = Release|Win32
		{D6812D54-C05C-4CDE-ACBE-58AE74D455EC}.Release|x86.Build.0 = Release|Win32
		{858F6AE3-2B15-4048-82E8-9A2C722295EB}.Debug|x64.ActiveCfg = Debug|x64
		{858F6AE3-2B15-4048-82E8-9A2C722295EB}.Debug|x64.Build.0 = Debug|x64
		{858F6AE3-2B15-4048-82E8-9A2C722295EB}.Debug|x86.ActiveCfg = Debug|Win32
		{858F6AE3-2B15-4048-82E8-9A2C722295EB}.Debug|x86.Build.0 = Debug|Win32
		{858F6AE3-2B15-4048-82E8-9A2C722295EB}.Release|x64.ActiveCfg = Release|x64
		{858F6AE3-2B15-4048-82E8-9A2C722295EB}.Release|x64.Build.0 = Release|x64
		{858F6AE3-2B15-4048-82E8-9A2C722295EB}.Release|x86.ActiveCfg = Release|Win32
		{858F6AE3-2B15-4048-82E8-9A2C722295EB}.Release|x86.Build.0 = Release|Win32
		{28AB9CDC-9313-4248-AFAD-E7CC81445CA3}.Debug|x64.ActiveCfg = Debug|x64
		{28AB9CDC-9313-4248-AFAD-E7CC81445CA3}.Debug|x64.Build.0 = Debug|x64
		{28AB9CDC-9313-4248-AFAD-E7CC81445CA3}.Debug|x86.ActiveCfg = Debug|Win32
		{28AB9CDC-9313-4248-AFAD-E7CC81445CA3}.Debug|x86.Build.0 = Debug|Win32
		{28AB9CDC-9313-4248-AFAD-E7CC81445CA3}.Release|x64.ActiveCfg = Release|x64
		{28AB9CDC-9313-4248-AFAD-E7CC81445CA3}.Release|x64.Build.0 = Release|x64
		{28AB9CDC-9313-4248-AFAD-E7CC81445CA3}.Release|x86.ActiveCfg = Release|Win32
		{28AB9CDC-9313-4248-AFAD-E7CC81445CA3}.Release|x86.Build.0 = Release|Win32
		{792F8A6C-DA0E-42F8-8EB0-6725920814B1}.Debug|x64.ActiveCfg = Debug|x64
		{792F8A6C-DA0E-42F8-8EB0-6725920814B1}.Debug|x64.Build.0 = Debug|x64
		{792F8A6C-DA0E-42F8-8EB0-6725920814B1}.Debug|x86.ActiveCfg = Debug|Win32
		{792F8A6C-DA0E-42F8-8EB0-6725920814B1}.Debug|x86.Build.0 = Debug|Win32
		{792F8A6C-DA0E-42F8-8EB0-6725920814B1}.Release|x64.ActiveCfg = Release|x64
		{792F8A6C-DA0E-42F8-8EB0-6725920814B1}.Release|x64.Build.0 = Release|x64
		{792F8A6C-DA0E-42F8-8EB0-6725920814B1}.Release|x86.ActiveCfg = Release|Win32
		{792F8A6C-DA0E-42F8-8EB0-6725920814B1}.Release|x86.Build.0 = Release|Win32
		{3F06A40C-7C6C-4512-9455-F411CBB5F8D0}.Debug|x64.ActiveCfg = Debug|x64
		{3F06A40C-7C6C-4512-9455-F411CBB5F8D0}.Debug|x64.Build.0 = Debug|x64
		{3F06A40C-7C6C-4512-9455-F411CBB5F8D0}.Debug|x86.ActiveCfg = Debug|Win32
		{3F06A40C-7C6C-4512-9455-F411CBB5F8D0}.Debug|x86.Build.0 = Debug|Win32
		{3F06A40C-7C6C-4512-9455-F411CBB5F8D0}.Release|x64.ActiveCfg = Release|x64
		{3F06A40C-7C6C-4512-9455-F411CBB5F8D0}.Release|x64.Build.0 = Release|x64
		{3F06A40C-7C6C-4512-9455-F411CBB5F8D0}.Release|x86.ActiveCfg = Release|Win32
		{3F06A40C-7C6C-4512-9455-F411CBB5F8D0}.Release|x86.Build.0 = Release|Win32
		{9DC23CD4-9F49-4423-BC25-67213C3CD4FD}.Debug|x64.ActiveCfg = Debug|x64
		{9DC23CD4-9F49-4423-BC25-67213C3CD4FD}.Debug|x64.Build.0 = Debug|x64
		{9DC23CD4-9F49-4423-BC25-67213C3CD4FD}.Debug|x86.ActiveCfg = Debug|Win32
		{9DC23CD4-9F49-4423-BC25-67213C3CD4FD}.Debug|x86.Build.0 = Debug|Win32
		{9DC23CD4-9F49-4423-BC25-67213C3CD4FD}.Release|x64.ActiveCfg = Release|x64
		{9DC23CD4-9F49-4423-BC25-67213C3CD4FD}.Release|x64.Build.0 = Release|x64
		{9DC23CD4-9F49-4423-BC25-67213C3CD4FD}.Release|x86.ActiveCfg = Release|Win32
		{9DC23CD4-9F49-4423-BC25-67213C3CD4FD}.Release|x86.Build.0 = Release|Win32
		{6F009A20-A410-4408-B4BE-2E0BBE4EF569}.Debug|x64.ActiveCfg = Debug|x64
		{6F009A20-A410-4408-B4BE-2E0BBE4EF569}.Debug|x64.Build.0 = Debug|x64
		{6F009A20-A410-4408-B4BE-2E0BBE4EF569}.Debug|x86.ActiveCfg = Debug|Win32
		{6F009A20-A410-4408-B4BE-2E0BBE4EF569}.Debug|x86.Build.0 = Debug|Win32
		{6F009A20-A410-4408-B4BE-2E0BBE4EF569}.Release|x64.ActiveCfg = Release|x64
		{6F009A20-A410-4408-B4BE-2E0BBE4EF569}.Release|x64.Build.0 = Release|x64
		{6F009A20-A410-4408-B4BE-2E0BBE4EF569}.Release|x86.ActiveCfg = Release|Win32
		{6F009A20-A410-4408-B4BE-2E0BBE4EF569}.Release|x86.Build.0 = Release|Win32
		{E6192DB7-D1E1-488A-99FE-7EB075385EC6}.Debug|x64.ActiveCfg = Debug|x64
		{E6192DB7-D1E1-488A-99FE-7EB075385EC6}.Debug|x64.Build.0 = Debug|x64
		{E6192DB7-D1E1-488A-99FE-7EB075385EC6}.Debug|x86.ActiveCfg = Debug|Win32
		{E6192DB7-D1E1-488A-99FE-7EB075385EC6}.Debug|x86.Build.0 = Debug|Win32
		{E6192DB7-D1E1-488A-99FE-7EB075385EC6}.Release|x64.ActiveCfg = Release|x64
		{E6192DB7-D1E1-488A-99FE-7EB075385EC6}.Release|x64.Build.0 = Release|x64
		{E6192DB7-D1E1-488A-99FE-7EB075385EC6}.Release|x86.ActiveCfg = Release|Win32
		{E6192DB7-D1E1-488A-99FE-7EB075385EC6}.Release|x86.Build.0 = Release|Win32
		{AE7859E8-4733-49E5-9A4E-DF696D54FAD1}.Debug|x64.ActiveCfg = Debug|x64
		{AE7859E8-4733-49E5-9A4E-DF696D54FAD1}.Debug|x64.Build.0 = Debug|x64
		{AE7859E8-4733-49E5-9A4E-DF696D54FAD1}.Debug|x86.ActiveCfg = Debug|Win32
		{AE7859E8-4733-49E5-9A4E-DF696D54FAD1}.Debug|x86.Build.0 = Debug|Win32
		{AE7859E8-4733-49E5-9A4E-DF696D54FAD1}.Release|x64.ActiveCfg = Release|x64
		{AE7859E8-4733-49E5-9A4E-DF696D54FAD1}.Release|x64.Build.0 = Release|x64
		{AE7859E8-4733-49E5-9A4E-DF696D54FAD1}.Release|x86.ActiveCfg = Release|Win32
		{AE7859E8-4733-49E5-9A4E-DF696D54FAD1}.Release|x86.Build.0 = Release|Win32
		{887AE892-FCFF-4E82-A497-E84E28D2B303}.Debug|x64.ActiveCfg = Debug|x64
		{887AE892-FCFF-4E82-A497-E84E28D2B303}.Debug|x64.Build.0 = Debug|x64
		{887AE892-FCFF-4E82-A497-E84E28D2B303}.Debug|x86.ActiveCfg = Debug|Win32
		{887AE892-FCFF-4E82-A497-E84E28D2B303}.Debug|x86.Build.0 = Debug|Win32
		{887AE892-FCFF-4E82-A497-E84E28D2B303}.Release|x64.ActiveCfg = Release|x64
		{887AE892-FCFF-4E82-A497-E84E28D2B303}.Release|x64.Build.0 = Release|x64
		{887AE892-FCFF-4E82-A497-E84E28D2B303}.Release|x86.ActiveCfg = Release|Win32
		{887AE892-FCFF-4E82-A497-E84E28D2B303}.Release|x86.Build.0 = Release|Win32
		{3EEF51CE-0835-4DA8-99F6-497BFBC09C10}.Debug|x64.ActiveCfg = Debug|x64
		{3EEF51CE-0835-4DA8-99F6-497BFBC09C10}.Debug|x64.Build.0 = Debug|x64
		{3EEF51CE-0835-4DA8-99F6-497BFBC09C10}.Debug|x86.ActiveCfg = Debug|Win32
		{3EEF51CE-0835-4DA8-99F6-497BFBC09C10}.Debug|x86.Build.0 = Debug|Win32
		{3EEF51CE-0835-4DA8-99F6-497BFBC09C10}.Release|x64.ActiveCfg = Release|x64
		{3EEF51CE-0835-4DA8-99F6-497BFBC09C10}.Release|x64.Build.0 = Release|x64
		{3EEF51CE-0835-4DA8-99F6-497BFBC09C10}.Release|x86.ActiveCfg = Release|Win32
		{3EEF51CE-0835-4DA8-99F6-497BFBC09C10}.Release|x86.Build.0 = Release|Win32
		{0D2D06BB-7FB2-4375-9291-A2E80CF7AB6F}.Debug|x64.ActiveCfg = Debug|x64
		{0D2D06BB-7FB2-4375-9291-A2E80CF7AB6F}.Debug|x64.Build.0 = Debug|x64
		{0D2D06BB-7FB2-4375-9291-A2E80CF7AB6F}.Debug|x86.ActiveCfg = Debug|Win32
		{0D2D06BB-7FB2-4375-9291-A2E80CF7AB6F}.Debug|x86.Build.0 = Debug|Win32
		{0D2D06BB-7FB2-4375-9291-A2E80CF7AB6F}.Release|x64.ActiveCfg = Release|x64
		{0D2D06BB-7FB2-4375-9291-A2E80CF7AB6F}.Release|x64.Build.0 = Release|x64
		{0D2D06BB-7FB2-4375-9291-A2E80CF7AB6F}.Release|x86.ActiveCfg = Release|Win32
		{0D2D06BB-7FB2-4375-9291-A2E80CF7AB6F}.Release|x86.Build.0 = Release|Win32
		{319ECA8D-5410-4E94-931B-BBCCFB807EAE}.Debug|x64.ActiveCfg = Debug|x64
		{319ECA8D-5410-4E94-931B-BBCCFB807EAE}.Debug|x64.Build.0 = Debug|x64
		{319ECA8D-5410-4E94-931B-BBCCFB807EAE}.Debug|x86.ActiveCfg = Debug|Win32
		{319ECA8D-5410-4E94-931B-BBCCFB807EAE}.Debug|x86.Build.0 = Debug|Win32
		{319ECA8D-5410-4E94-931B-BBCCFB807EAE}.Release|x64.ActiveCfg = Release|x64
		{319ECA8D-5410-4E94-931B-BBCCFB807EAE}.Release|x64.Build.0 = Release|x64
		{319ECA8D-5410-4E94-931B-BBCCFB807EAE}.Release|x86.ActiveCfg = Release|Win32
		{319ECA8D-5410-4E94-931B-BBCCFB807EAE}.Release|x86.Build.0 = Release|Win32
		{D0731554-1448-41F7-9326-88992851DC58}.Debug|x64.ActiveCfg = Debug|x64
		{D0731554-1448-41F7-9326-88992851DC58}.Debug|x64.Build.0 = Debug|x64
		{D0731554-1448-41F7-9326-88992851DC58}.Debug|x86.ActiveCfg = Debug|Win32
		{D0731554-1448-41F7-9326-88992851DC58}.Debug|x86.Build.0 = Debug|Win32
		{D0731554-1448-41F7-9326-88992851DC58}.Release|x64.ActiveCfg = Release|x64
		{D0731554-1448-41F7-9326-88992851DC58}.Release|x64.Build.0 = Release|x64
		{D0731554-1448-41F7-9326-88992851DC58}.Release|x86.ActiveCfg = Release|Win32
		{D0731554-1448-41F7-9326-88992851DC58}.Release|x86.Build.0 = Release|Win32
		{83039E4E-9F2C-4684-A26B-B4FAA2C0AED1}.Debug|x64.ActiveCfg = Debug|x64
		{83039E4E-9F2C-4684-A26B-B4FAA2C0AED1}.Debug|x64.Build.0 = Debug|x64
		{83039E4E-9F2C-4684-A26B-B4FAA2C0AED1}.Debug|x86.ActiveCfg = Debug|Win32
		{83039E4E-9F2C-4684-A26B-B4FAA2C0AED1}.Debug|x86.Build.0 = Debug|Win32
		{83039E4E-9F2C-4684-A26B-B4FAA2C0AED1}.Release|x64.ActiveCfg = Release|x64
		{83039E4E-9F2C-4684-A26B-B4FAA2C0AED1}.Release|x64.Build.0 = Release|x64
		{83039E4E-9F2C-4684-A26B-B4FAA2C0AED1}.Release|x86.ActiveCfg = Release|Win32
		{83039E4E-9F2C-4684-A26B-B4FAA2C0AED1}.Release|x86.Build.0 = Release|Win32
		{50387E23-E313-4C18-9C4A-5E470BD1E0F0}.Debug|x64.ActiveCfg = Debug|x64
		{50387E23-E313-4C18-9C4A-5E470BD1E0F0}.Debug|x64.Build.0 = Debug|x64
		{50387E23-E313-4C18-9C4A-5E470BD1E0F0}.Debug|x86.ActiveCfg = Debug|Win32
		{50387E23-E313-4C18-9C4A-5E470BD1E0F0}.Debug|x86.Build.0 = Debug|Win32
		{50387E23-E313-4C18-9C4A-5E470BD1E0F0}.Release|x64.ActiveCfg = Release|x64
		{50387E23-E313-4C18-9C4A-5E470BD1E0F0}.Release|x64.Build.0 = Release|x64
		{50387E23-E313-4C18-9C4A-5E470BD1E0F0}.Release|x86.ActiveCfg = Release|Win32
		{50387E23-E313-4C18-9C4A-5E470BD1E0F0}.Release|x86.Build.0 = Release|Win32
		{058BAEE9-FB6B-4998-913B-03F025C0FEE1}.Debug|x64.ActiveCfg = Debug|x64
		{058BAEE9-FB6B-4998-913B-03F025C0FEE1}.Debug|x64.Build.0 = Debug|x64
		{058BAEE9-FB6B-4998-913B-03F025C0FEE1}.Debug|x86.ActiveCfg = Debug|Win32
		{058BAEE9-FB6B-4998-913B-03F025C0FEE1}.Debug|x86.Build.0 = Debug|Win32
		{058BAEE9-FB6B-4998-913B-03F025C0FEE1}.Release|x64.ActiveCfg = Release|x64
		{058BAEE9-FB6B-4998-913B-03F025C0FEE1}.Release|x64.Build.0 = Release|x64
		{058BAEE9-FB6B-4998-913B-03F025C0FEE1}.Release|x86.ActiveCfg = Release|Win32
		{058BAEE9-FB6B-4998-913B-03F025C0FEE1}.Release|x86.Build.0 = Release|Win32
		{7759C6F1-07F5-4812-A740-F80CCAB0E60D}.Debug|x64.ActiveCfg = Debug|x64
		{7759C6F1-07F5-4812-A740-F80CCAB0E60D}.Debug|x64.Build.0 = Debug|x64
		{7759C6F1-07F5-4812-A740-F80CCAB0E60D}.Debug|x86.ActiveCfg = Debug|Win32
		{7759C6F1-07F5-4812-A740-F80CCAB0E60D}.Debug|x86.Build.0 = Debug|Win32
		{7759C6F1-07F5-4812-A740-F80CCAB0E60D}.Release|x64.ActiveCfg = Release|x64
		{7759C6F1-07F5-4812-A740-F80CCAB0E60D}.Release|x64.Build.0 = Release|x64
		{7759C6F1-07F5-4812-A740-F80CCAB0E60D}.Release|x86.ActiveCfg = Release|Win32
		{7759C6F1-07F5-4812-A740-F80CCAB0E60D}.Release|x86.Build.0 = Release|Win32
		{1141E85B-50C3-48A5-B74B-76F55FF01D13}.Debug|x64.ActiveCfg = Debug|x64
		{1141E85B-50C3-48A5-B74B-76F55FF01D13}.Debug|x64.Build.0 = Debug|x64
		{1141E85B-50C3-48A5-B74B-76F55FF01D13}.Debug|x86.ActiveCfg = Debug|Win32
		{1141E85B-50C3-48A5-B74B-76F55FF01D13}.Debug|x86.Build.0 = Debug|Win32
		{1141E85B-50C3-48A5-B74B-76F55FF01D13}.Release|x64.ActiveCfg = Release|x64
		{1141E85B-50C3-48A5-B74B-76F55FF01D13}.Release|x64.Build.0 = Release|x64
		{1141E85B-50C3-48A5-B74B-76F55FF01D13}.Release|x86.ActiveCfg = Release|Win32
		{1141E85B-50C3-48A5-B74B-76F55FF01D13}.Release|x86.Build.0 = Release|Win32
		{528FCB3E-35ED-46B9-9693-C1C1DBBEE3D8}.Debug|x64.ActiveCfg = Debug|x64
		{528FCB3E-35ED-46B9-9693-C1C1DBBEE3D8}.Debug|x64.Build.0 = Debug|x64
		{528FCB3E-35ED-46B9-9693-C1C1DBBEE3D8}.Debug|x86.ActiveCfg = Debug|Win32
		{528FCB3E-35ED-46B9-9693-C1C1DBBEE3D8}.Debug|x86.Build.0 = Debug|Win32
		{528FCB3E-35ED-46B9-9693-C1C1DBBEE3D8}.Release|x64.ActiveCfg = Release|x64
		{528FCB3E-35ED-46B9-9693-C1C1DBBEE3D8}.Release|x64.Build.0 = Release|x64
		{528FCB3E-35ED-46B9-9693-C1C1DBBEE3D8}.Release|x86.ActiveCfg = Release|Win32
		{528FCB3E-35ED-46B9-9693-C1C1DBBEE3D8}.Release|x86.Build.0 = Release|Win32
		{882F9353-9B9B-4679-B081-FD9DC3F579AB}.Debug|x64.ActiveCfg = Debug|x64
		{882F9353-9B9B-4679-B081-FD9DC3F579AB}.Debug|x64.Build.0 = Debug|x64
		{882F9353-9B9B-4679-B081-FD9DC3F579AB}.Debug|x86.ActiveCfg = Debug|Win32
		{882F9353-9B9B-4679-B081-FD9DC3F579AB}.Debug|x86.Build.0 = Debug|Win32
		{882F9353-9B9B-4679-B081-FD9DC3F579AB}.Release|x64.ActiveCfg = Release|x64
		{882F9353-9B9B-4679-B081-FD9DC3F579AB}.Release|x64.Build.0 = Release|x64
		{882F9353-9B9B-4679-B081-FD9DC3F579AB}.Release|x86.ActiveCfg = Release|Win32
		{882F9353-9B9B-4679-B081-FD9DC3F579AB}.Release|x86.Build.0 = Release|Win32
		{5B7C5562-022C-4EEC-9B3A-CD5CC2A56733}.Debug|x64.ActiveCfg = Debug|x64
		{5B7C5562-022C-4EEC-9B3A-CD5CC2A56733}.Debug|x64.Build.0 = Debug|x64
		{5B7C5562-022C-4EEC-9B3A-CD5CC2A56733}.Debug|x86.ActiveCfg = Debug|Win32
		{5B7C5562-022C-4EEC-9B3A-CD5CC2A56733}.Debug|x86.Build.0 = Debug|Win32
		{5B7C5562-022C-4EEC-9B3A-CD5CC2A56733}.Release|x64.ActiveCfg = Release|x64
		{5B7C5562-022C-4EEC-9B3A-CD5CC2A56733}.Release|x64.Build.0 = Release|x64
		{5B7C5562-022C-4EEC-9B3A-CD5CC2A56733}.Release|x86.ActiveCfg = Release|Win32
		{5B7C5562-022C-4EEC-9B3A-CD5CC2A56733}.Release|x86.Build.0 = Release|Win32
		{DEF8099C-139D-47EB-ABD3-3B2DE82BEB3F}.Debug|x64.ActiveCfg = Debug|x64
		{DEF8099C-139D-47EB-ABD3-3B2DE82BEB3F}.Debug|x64.Build.0 = Debug|x64
		{DEF8099C-139D-47EB-ABD3-3B2DE82BEB3F}.Debug|x86.ActiveCfg = Debug|Win32
		{DEF8099C-139D-47EB-ABD3-3B2DE82BEB3F}.Debug|x86.Build.0 = Debug|Win32
		{DEF8099C-139D-47EB-ABD3-3B2DE82BEB3F}.Release|x64.ActiveCfg = Release|x64
		{DEF8099C-139D-47EB-ABD3-3B2DE82BEB3F}.Release|x64.Build.0 = Release|x64
		{DEF8099C-139D-47EB-ABD3-3B2DE82BEB3F}.Release|x86.ActiveCfg = Release|Win32
		{DEF8099C-139D-47EB-ABD3-3B2DE82BEB3F}.Release|x86.Build.0 = Release|Win32
		{5E000B49-01EB-4D24-92CA-4BDD020EA439}.Debug|x64.ActiveCfg = Debug|x64
		{5E000B49-01EB-4D24-92CA-4BDD020EA439}.Debug|x64.Build.0 = Debug|x64
		{5E000B49-01EB-4D24-92CA-4BDD020EA439}.Debug|x86.ActiveCfg = Debug|Win32
		{5E000B49-01EB-4D24-92CA-4BDD020EA439}.Debug|x86.Build.0 = Debug|Win32
		{5E000B49-01EB-4D24-92CA-4BDD020EA439}.Release|x64.ActiveCfg = Release|x64
		{5E000B49-01EB-4D24-92CA-4BDD020EA439}.Release|x64.Build.0 = Release|x64
		{5E000B49-01EB-4D24-92CA-4BDD020EA439}.Release|x86.ActiveCfg = Release|Win32
		{5E000B49-01EB-4D24-92CA-4BDD020EA439}.Release|x86.Build.0 = Release|Win32
		{0ED4E63B-D450-464D-B944-64EB04B57C28}.Debug|x64.ActiveCfg = Debug|x64
		{0ED4E63B-D450-464D-B944-64EB04B57C28}.Debug|x64.Build.0 = Debug|x64
		{0ED4E63B-D450-464D-B944-64EB04B57C28}.Debug|x86.ActiveCfg = Debug|Win32
		{0ED4E63B-D450-464D-B944-64EB04B57C28}.Debug|x86.Build.0 = Debug|Win32
		{0ED4E63B-D450-464D-B944-64EB04B57C28}.Release|x64.ActiveCfg = Release|x64
		{0ED4E63B-D450-464D-B944-64EB04B57C28}.Release|x64.Build.0 = Release|x64
		{0ED4E63B-D450-464D-B944-64EB04B57C28}.Release|x86.ActiveCfg = Release|Win32
		{0ED4E63B-D450-464D-B944-64EB04B57C28}.Release|x86.Build.0 = Release|Win32
		{94CD5155-3646-4515-8F75-714CAA857D77}.Debug|x64.ActiveCfg = Debug|x64
		{94CD5155-3646-4515-8F75-714CAA857D77}.Debug|x64.Build.0 = Debug|x64
		{94CD5155-3646-4515-8F75-714CAA857D77}.Debug|x86.ActiveCfg = Debug|Win32
		{94CD5155-3646-4515-8F75-714CAA857D77}.Debug|x86.Build.0 = Debug|Win32
		{94CD5155-3646-4515-8F75-714CAA857D77}.Release|x64.ActiveCfg = Release|x64
		{94CD5155-3646-4515-8F75-714CAA857D77}.Release|x64.Build.0 = Release|x64
		{94CD5155-3646-4515-8F75-714CAA857D77}.Release|x86.ActiveCfg = Release|Win32
		{94CD5155-3646-4515-8F75-714CAA857D77}.Release|x86.Build.0 = Release|Win32
		{6A59522C-79D4-4F13-89C2-8D365CAA87A8}.Debug|x64.ActiveCfg = Debug|x64
		{6A59522C-79D4-4F13-89C2-8D365CAA87A8}.Debug|x64.Build.0 = Debug|x64
		{6A59522C-79D4-4F13-89C2-8D365CAA87A8}.Debug|x86.ActiveCfg = Debug|Win32
		{6A59522C-79D4-4F13-89C2-8D365CAA87A8}.Debug|x86.Build.0 = Debug|Win32
		{6A59522C-79D4-4F13-89C2-8D365CAA87A8}.Release|x64.ActiveCfg = Release|x64
		{6A59522C-79D4-4F13-89C2-8D365CAA87A8}.Release|x64.Build.0 = Release|x64
		{6A59522C-79D4-4F13-89C2-8D365CAA87A8}.Release|x86.ActiveCfg = Release|Win32
		{6A59522C-79D4-4F13-89C2-8D365CAA87A8}.Release|x86.Build.0 = Release|Win32
		{281664C6-F48B-46FF-986D-0F24EAD5BE64}.Debug|x64.ActiveCfg = Debug|x64
		{281664C6-F48B-46FF-986D-0F24EAD5BE64}.Debug|x64.Build.0 = Debug|x64
		{281664C6-F48B-46FF-986D-0F24EAD5BE64}.Debug|x86.ActiveCfg = Debug|Win32
		{281664C6-F48B-46FF-986D-0F24EAD5BE64}.Debug|x86.Build.0 = Debug|Win32
		{281664C6-F48B-46FF-986D-0F24EAD5BE64}.Release|x64.ActiveCfg = Release|x64
		{281664C6-F48B-46FF-986D-0F24EAD5BE64}.Release|x64.Build.0 = Release|x64
		{281664C6-F48B-46FF-986D-0F24EAD5BE64}.Release|x86.ActiveCfg = Release|Win32
		{281664C6-F48B-46FF-986D-0F24EAD5BE64}.Release|x86.Build.0 = Release|Win32
		{9311357E-05CF-47BD-A7CA-99DB7A0031FE}.Debug|x64.ActiveCfg = Debug|x64
		{9311357E-05CF-47BD-A7CA-99DB7A0031FE}.Debug|x64.Build.0 = Debug|x64
		{9311357E-05CF-47BD-A7CA-99DB7A0031FE}.Debug|x86.ActiveCfg = Debug|Win32
		{9311357E-05CF-47BD-A7CA-99DB7A0031FE}.Debug|x86.Build.0 = Debug|Win32
		{9311357E-05CF-47BD-A7CA-99DB7A0031FE}.Release|x64.ActiveCfg = Release|x64
		{9311357E-05CF-47BD-A7CA-99DB7A0031FE}.Release|x64.Build.0 = Release|x64
		{9311357E-05CF-47BD-A7CA-99DB7A0031FE}.Release|x86.ActiveCfg = Release|Win32
		{9311357E-05CF-47BD-A7CA-99DB7A0031FE}.Release|x86.Build.0 = Release|Win32
		{C3142794-D7C2-4638-A3F3-3A7C078FEC32}.Debug|x64.ActiveCfg = Debug|x64
		{C3142794-D7C2-4638-A3F3-3A7C078FEC32}.Debug|x64.Build.0 = Debug|x64
		{C3142794-D7C2-4638-A3F3-3A7C078FEC32}.Debug|x86.ActiveCfg = Debug|Win32
		{C3142794-D7C2-4638-A3F3-3A7C078FEC32}.Debug|x86.Build.0 = Debug|Win32
		{C3142794-D7C2-4638-A3F3-3A7C078FEC32}.Release|x64.ActiveCfg = Release|x64
		{C3142794-D7C2-4638-A3F3-3A7C078FEC32}.Release|x64.Build.0 = Release|x64
		{C3142794-D7C2-4638-A3F3-3A7C078FEC32}.Release|x86.ActiveCfg = Release|Win32
		{C3142794-D7C2-4638-A3F3-3A7C078FEC32}.Release|x86.Build.0 = Release|Win32
		{AF4BA728-01B4-4443-95CD-71F2E0252379}.Debug|x64.ActiveCfg = Debug|x64
		{AF4BA728-01B4-4443-95CD-71F2E0252379}.Debug|x64.Build.0 = Debug|x64
		{AF4BA728-01B4-4443-95CD-71F2E0252379}.Debug|x86.ActiveCfg = Debug|Win32
		{AF4BA728-01B4-4443-95CD-71F2E0252379}.Debug|x86.Build.0 = Debug|Win32
		{AF4BA728-01B4-4443-95CD-71F2E0252379}.Release|x64.ActiveCfg = Release|x64
		{AF4BA728-01B4-4443-95CD-71F2E0252379}.Release|x64.Build.0 = Release|x64
		{AF4BA728-01B4-4443-95CD-71F2E0252379}.Release|x86.ActiveCfg = Release|Win32
		{AF4BA728-01B4-4443-95CD-71F2E0252379}.Release|x86.Build.0 = Release|Win32
		{F76320A3-0722-484F-8B8C-35A3DD680F3F}.Debug|x64.ActiveCfg = Debug|x64
		{F76320A3-0722-484F-8B8C-35A3DD680F3F}.Debug|x64.Build.0 = Debug|x64
		{F76320A3-0722-484F-8B8C-35A3DD680F3F}.Debug|x86.ActiveCfg = Debug|Win32
		{F76320A3-0722-484F-8B8C-35A3DD680F3F}.Debug|x86.Build.0 = Debug|Win32
		{F76320A3-0722-484F-8B8C-35A3DD680F3F}.Release|x64.ActiveCfg = Release|x64
		{F76320A3-0722-484F-8B8C-35A3DD680F3F}.Release|x64.Build.0 = Release|x64
		{F76320A3-0722-484F-8B8C-35A3DD680F3F}.Release|x86.ActiveCfg = Release|Win32
		{F76320A3-0722-484F-8B8C-35A3DD680F3F}.Release|x86.Build.0 = Release|Win32
		{42A7EA92-F606-4283-92BE-73E4E9E7F171}.Debug|x64.ActiveCfg = Debug|x64
		{42A7EA92-F606-4283-92BE-73E4E9E7F171}.Debug|x64.Build.0 = Debug|x64
		{42A7EA92-F606-4283-92BE-73E4E9E7F171}.Debug|x86.ActiveCfg = Debug|Win32
		{42A7EA92-F606-4283-92BE-73E4E9E7F171}.Debug|x86.Build.0 = Debug|Win32
		{42A7EA92-F606-4283-92BE-73E4E9E7F171}.Release|x64.ActiveCfg = Release|x64
		{42A7EA92-F606-4283-92BE-73E4E9E7F171}.Release|x64.Build.0 = Release|x64
		{42A7EA92-F606-4283-92BE-73E4E9E7F171}.Release|x86.ActiveCfg = Release|Win32
		{42A7EA92-F606-4283-92BE-73E4E9E7F171}.Release|x86.Build.0 = Release|Win32
		{E7269F6E-2C0F-43E7-AC62-B69D50FC2803}.Debug|x64.ActiveCfg = Debug|x64
		{E7269F6E-2C0F-43E7-AC62-B69D50FC2803}.Debug|x64.Build.0 = Debug|x64
		{E7269F6E-2C0F-43E7-AC62-B69D50FC2803}.Debug|x86.ActiveCfg = Debug|Win32
		{E7269F6E-2C0F-43E7-AC62-B69D50FC2803}.Debug|x86.Build.0 = Debug|Win32
		{E7269F6E-2C0F-43E7-AC62-B69D50FC2803}.Release|x64.ActiveCfg = Release|x64
		{E7269F6E-2C0F-43E7-AC62-B69D50FC2803}.Release|x64.Build.0 = Release|x64
		{E7269F6E-2C0F-43E7-AC62-B69D50FC2803}.Release|x86.ActiveCfg = Release|Win32
		{E7269F6E-2C0F-43E7-AC62-B69D50FC2803}.Release|x86.Build.0 = Release|Win32
		{898AFE30-040B-443A-A2F0-D3D3D9E646D0}.Debug|x64.ActiveCfg = Debug|x64
		{898AFE30-040B-443A-A2F0-D3D3D9E646D0}.Debug|x64.Build.0 = Debug|x64
		{898AFE30-040B-443A-A2F0-D3D3D9E646D0}.Debug|x86.ActiveCfg = Debug|Win32
		{898AFE30-040B-443A-A2F0-D3D3D9E646D0}.Debug|x86.Build.0 = Debug|Win32
		{898AFE30-040B-443A-A2F0-D3D3D9E646D0}.Release|x64.ActiveCfg = Release|x64
		{898AFE30-040B-443A-A2F0-D3D3D9E646D0}.Release|x64.Build.0 = Release|x64
		{898AFE30-040B-443A-A2F0-D3D3D9E646D0}.Release|x86.ActiveCfg = Release|Win32
		{898AFE30-040B-443A-A2F0-D3D3D9E646D0}.Release|x86.Build.0 = Release|Win32
		{72C1522C-6580-4589-8EF0-5D8E868D5307}.Debug|x64.ActiveCfg = Debug|x64
		{72C1522C-6580-4589-8EF0-5D8E868D5307}.Debug|x64.Build.0 = Debug|x64
		{72C1522C-6580-4589-8EF0-5D8E868D5307}.Debug|x86.ActiveCfg = Debug|Win32
		{72C1522C-6580-4589-8EF0-5D8E868D5307}.Debug|x86.Build.0 = Debug|Win32
		{72C1522C-6580-4589-8EF0-5D8E868D5307}.Release|x64.ActiveCfg = Release|x64
		{72C1522C-6580-4589-8EF0-5D8E868D5307}.Release|x64.Build.0 = Release|x64
		{72C1522C-6580-4589-8EF0-5D8E868D5307}.Release|x86.ActiveCfg = Release|Win32
		{72C1522C-6580-4589-8EF0-5D8E868D5307}.Release|x86.Build.0 = Release|Win32
		{B6427247-DF45-4D8E-AF68-511107516B8D}.Debug|x64.ActiveCfg = Debug|x64
		{B6427247-DF45-4D8E-AF68-511107516B8D}.Debug|x64.Build.0 = Debug|x64
		{B6427247-DF45-4D8E-AF68-511107516B8D}.Debug|x86.ActiveCfg = Debug|Win32
		{B6427247-DF45-4D8E-AF68-511107516B8D}.Debug|x86.Build.0 = Debug|Win32
		{B6427247-DF45-4D8E-AF68-511107516B8D}.Release|x64.ActiveCfg = Release|x64
		{B6427247-DF45-4D8E-AF68-511107516B8D}.Release|x64.Build.0 = Release|x64
		{B6427247-DF45-4D8E-AF68-511107516B8D}.Release|x86.ActiveCfg = Release|Win32
		{B6427247-DF45-4D8E-AF68-511107516B8D}.Release|x86.Build.0 = Release|Win32
		{6D408553-25AC-417E-BE6B-20CE68C692A1}.Debug|x64.ActiveCfg = Debug|x64
		{6D408553-25AC-417E-BE6B-20CE68C692A1}.Debug|x64.Build.0 = Debug|x64
		{6D408553-25AC-417E-BE6B-20CE68C692A1}.Debug|x86.ActiveCfg = Debug|Win32
		{6D408553-25AC-417E-BE6B-20CE68C692A1}.Debug|x86.Build.0 = Debug|Win32
		{6D408553-25AC-417E-BE6B-20CE68C692A1}.Release|x64.ActiveCfg = Release|x64
		{6D408553-25AC-417E-BE6B-20CE68C692A1}.Release|x64.Build.0 = Release|x64
		{6D408553-25AC-417E-BE6B-20CE68C692A1}.Release|x86.ActiveCfg = Release|Win32
		{6D408553-25AC-417E-BE6B-20CE68C692A1}.Release|x86.Build.0 = Release|Win32
		{30AE3DB4-896F-4593-B8EB-49C2025B3233}.Debug|x64.ActiveCfg = Debug|x64
		{30AE3DB4-896F-4593-B8EB-49C2025B3233}.Debug|x64.Build.0 = Debug|x64
		{30AE3DB4-896F-4593-B8EB-49C2025B3233}.Debug|x86.ActiveCfg = Debug|Win32
		{30AE3DB4-896F-4593-B8EB-49C2025B3233}.Debug|x86.Build.0 = Debug|Win32
		{30AE3DB4-896F-4593-B8EB-49C2025B3233}.Release|x64.ActiveCfg = Release|x64
		{30AE3DB4-896F-4593-B8EB-49C2025B3233}.Release|x64.Build.0 = Release|x64
		{30AE3DB4-896F-4593-B8EB-49C2025B3233}.Release|x86.ActiveCfg = Release|Win32
		{30AE3DB4-896F-4593-B8EB-49C2025B3233}.Release|x86.Build.0 = Release|Win32
		{258BA252-725B-46E9-8256-22E3BC9F216D}.Debug|x64.ActiveCfg = Debug|x64
		{258BA252-725B-46E9-8256-22E3BC9F216D}.Debug|x64.Build.0 = Debug|x64
		{258BA252-725B-46E9-8256-22E3BC9F216D}.Debug|x86.ActiveCfg = Debug|Win32
		{258BA252-725B-46E9-8256-22E3BC9F216D}.Debug|x86.Build.0 = Debug|Win32
		{258BA252-725B-46E9-8256-22E3BC9F216D}.Release|x64.ActiveCfg = Release|x64
		{258BA252-725B-46E9-8256-22E3BC9F216D}.Release|x64.Build.0 = Release|x64
		{258BA252-725B-46E9-8256-22E3BC9F216D}.Release|x86.ActiveCfg = Release|Win32
		{258BA252-725B-46E9-8256-22E3BC9F216D}.Release|x86.Build.0 = Release|Win32
		{A2F29BF4-F52B-4A84-AC2F-BB96E0EC8AC2}.Debug|x64.ActiveCfg = Debug|x64
		{A2F29BF4-F52B-4A84-AC2F-BB96E0EC8AC2}.Debug|x64.Build.0 = Debug|x64
		{A2F29BF4-F52B-4A84-AC2F-BB96E0EC8AC2}.Debug|x86.ActiveCfg = Debug|Win32
		{A2F29BF4-F52B-4A84-AC2F-BB96E0EC8AC2}.Debug|x86.Build.0 = Debug|Win32
		{A2F29BF4-F52B-4A84-AC2F-BB96E0EC8AC2}.Release|x64.ActiveCfg = Release|x64
		{A2F29BF4-F52B-4A84-AC2F-BB96E0EC8AC2}.Release|x64.Build.0 = Release|x64
		{A2F29BF4-F52B-4A84-AC2F-BB96E0EC8AC2}.Release|x86.ActiveCfg = Release|Win32
		{A2F29BF4-F52B-4A84-AC2F-BB96E0EC8AC2}.Release|x86.Build.0 = Release|Win32
		{C0AF3923-A87B-4EA8-B45B-961CC6748898}.Debug|x64.ActiveCfg = Debug|x64
		{C0AF3923-A87B-4EA8-B45B-961CC6748898}.Debug|x64.Build.0 = Debug|x64
		{C0AF3923-A87B-4EA8-B45B-961CC6748898}.Debug|x86.ActiveCfg = Debug|Win32
		{C0AF3923-A87B-4EA8-B45B-961CC6748898}.Debug|x86.Build.0 = Debug|Win32
		{C0AF3923-A87B-4EA8-B45B-961CC6748898}.Release|x64.ActiveCfg = Release|x64
		{C0AF3923-A87B-4EA8-B45B-961CC6748898}.Release|x64.Build.0 = Release|x64
		{C0AF3923-A87B-4EA8-B45B-961CC6748898}.Release|x86.ActiveCfg = Release|Win32
		{C0AF3923-A87B-4EA8-B45B-961CC6748898}.Release|x86.Build.0 = Release|Win32
		{979ABB73-ABCB-433F-891A-38E7816140DA}.Debug|x64.ActiveCfg = Debug|x64
		{979ABB73-ABCB-433F-891A-38E7816140DA}.Debug|x64.Build.0 = Debug|x64
		{979ABB73-ABCB-433F-891A-38E7816140DA}.Debug|x86.ActiveCfg = Debug|Win32
		{979ABB73-ABCB-433F-891A-38E7816140DA}.Debug|x86.Build.0 = Debug|Win32
		{979ABB73-ABCB-433F-891A-38E7816140DA}.Release|x64.ActiveCfg = Release|x64
		{979ABB73-ABCB-433F-891A-38E7816140DA}.Release|x64.Build.0 = Release|x64
		{979ABB73-ABCB-433F-891A-38E7816140DA}.Release|x86.ActiveCfg = Release|Win32
		{979ABB73-ABCB-433F-891A-38E7816140DA}.Release|x86.Build.0 = Release|Win32
		{F3A7C18F-9586-42B7-9B6A-2EB50A672990}.Debug|x64.ActiveCfg = Debug|x64
		{F3A7C18F-9586-42B7-9B6A-2EB50A672990}.Debug|x64.Build.0 = Debug|x64
		{F3A7C18F-9586-42B7-9B6A-2EB50A672990}.Debug|x86.ActiveCfg = Debug|Win32
		{F3A7C18F-9586-42B7-9B6A-2EB50A672990}.Debug|x86.Build.0 = Debug|Win32
		{F3A7C18F-9586-42B7-9B6A-2EB50A672990}.Release|x64.ActiveCfg = Release|x64
		{F3A7C18F-9586-42B7-9B6A-2EB50A672990}.Release|x64.Build.0 = Release|x64
		{F3A7C18F-9586-42B7-9B6A-2EB50A672990}.Release|x86.ActiveCfg = Release|Win32
		{F3A7C18F-9586-42B7-9B6A-2EB50A672990}.Release|x86.Build.0 = Release|Win32
		{4A0A2B98-ECA3-42E3-9E62-B1C6B8FD799C}.Debug|x64.ActiveCfg = Debug|x64
		{4A0A2B98-ECA3-42E3-9E62-B1C6B8FD799C}.Debug|x64.Build.0 = Debug|x64
		{4A0A2B98-ECA3-42E3-9E62-B1C6B8FD799C}.Debug|x86.ActiveCfg = Debug|Win32
		{4A0A2B98-ECA3-42E3-9E62-B1C6B8FD799C}.Debug|x86.Build.0 = Debug|Win32
		{4A0A2B98-ECA3-42E3-9E62-B1C6B8FD799C}.Release|x64.ActiveCfg = Release|x64
		{4A0A2B98-ECA3-42E3-9E62-B1C6B8FD799C}.Release|x64.Build.0 = Release|x64
		{4A0A2B98-ECA3-42E3-9E62-B1C6B8FD799C}.Release|x86.ActiveCfg = Release|Win32
		{4A0A2B98-ECA3-42E3-9E62-B1C6B8FD799C}.Release|x86.Build.0 = Release|Win32
		{C7112F6B-39B3-4142-842F-409CB2DAE5A0}.Debug|x64.ActiveCfg = Debug|x64
		{C7112F6B-39B3-4142-842F-409CB2DAE5A0}.Debug|x64.Build.0 = Debug|x64
		{C7112F6B-39B3-4142-842F-409CB2DAE5A0}.Debug|x86.ActiveCfg = Debug|Win32
		{C7112F6B-39B3-4142-842F-409CB2DAE5A0}.Debug|x86.Build.0 = Debug|Win32
		{C7112F6B-39B3-4142-842F-409CB2DAE5A0}.Release|x64.ActiveCfg = Release|x64
		{C7112F6B-39B3-4142-842F-409CB2DAE5A0}.Release|x64.Build.0 = Release|x64
		{C7112F6B-39B3-4142-842F-409CB2DAE5A0}.Release|x86.ActiveCfg = Release|Win32
		{C7112F6B-39B3-4142-842F-409CB2DAE5A0}.Release|x86.Build.0 = Release|Win32
		{AFD1D145-06DB-41BF-9990-B03A9F8DC6C4}.Debug|x64.ActiveCfg = Debug|x64
		{AFD1D145-06DB-41BF-9990-B03A9F8DC6C4}.Debug|x64.Build.0 = Debug|x64
		{AFD1D145-06DB-41BF-9990-B03A9F8DC6C4}.Debug|x86.ActiveCfg = Debug|Win32
		{AFD1D145-06DB-41BF-9990-B03A9F8DC6C4}.Debug|x86.Build.0 = Debug|Win32
		{AFD1D145-06DB-41BF-9990-B03A9F8DC6C4}.Release|x64.ActiveCfg = Release|x64
		{AFD1D145-06DB-41BF-9990-B03A9F8DC6C4}.Release|x64.Build.0 = Release|x64
		{AFD1D145-06DB-41BF-9990-B03A9F8DC6C4}.Release|x86.ActiveCfg = Release|Win32
		{AFD1D145-06DB-41BF-9990-B03A9F8DC6C4}.Release|x86.Build.0 = Release|Win32
		{0C28B4FD-1C14-4E61-B70C-306E3FAC49AC}.Debug|x64.ActiveCfg = Debug|x64
		{0C28B4FD-1C14-4E61-B70C-306E3FAC49AC}.Debug|x64.Build.0 = Debug|x64
		{0C28B4FD-1C14-4E61-B70C-306E3FAC49AC}.Debug|x86.ActiveCfg = Debug|Win32
		{0C28B4FD-1C14-4E61-B70C-306E3FAC49AC}.Debug|x86.Build.0 = Debug|Win32
		{0C28B4FD-1C14-4E61-B70C-306E3FAC49AC}.Release|x64.ActiveCfg = Release|x64
		{0C28B4FD-1C14-4E61-B70C-306E3FAC49AC}.Release|x64.Build.0 = Release|x64
		{0C28B4FD-1C14-4E61-B70C-306E3FAC49AC}.Release|x86.ActiveCfg = Release|Win32
		{0C28B4FD-1C14-4E61-B70C-306E3FAC49AC}.Release|x86.Build.0 = Release|Win32
		{A2CBA1D7-4FB3-4A7E-AA86-C8656A734EB3}.Debug|x64.ActiveCfg = Debug|x64
		{A2CBA1D7-4FB3-4A7E-AA86-C8656A734EB3}.Debug|x64.Build.0 = Debug|x64
		{A2CBA1D7-4FB3-4A7E-AA86-C8656A734EB3}.Debug|x86.ActiveCfg = Debug|Win32
		{A2CBA1D7-4FB3-4A7E-AA86-C8656A734EB3}.Debug|x86.Build.0 = Debug|Win32
		{A2CBA1D7-4FB3-4A7E-AA86-C8656A734EB3}.Release|x64.ActiveCfg = Release|x64
		{A2CBA1D7-4FB3-4A7E-AA86-C8656A734EB3}.Release|x64.Build.0 = Release|x64
		{A2CBA1D7-4FB3-4A7E-AA86-C8656A734EB3}.Release|x86.ActiveCfg = Release|Win32
		{A2CBA1D7-4FB3-4A7E-AA86-C8656A734EB3}.Release|x86.Build.0 = Release|Win32
		{1B3A9B81-50D4-4B45-B6E0-0F6AAEE6185D}.Debug|x64.ActiveCfg = Debug|x64
		{1B3A9B81-50D4-4B45-B6E0-0F6AAEE6185D}.Debug|x64.Build.0 = Debug|x64
		{1B3A9B81-50D4-4B45-B6E0-0F6AAEE6185D}.Debug|x86.ActiveCfg = Debug|Win32
		{1B3A9B81-50D4-4B45-B6E0-0F6AAEE6185D}.Debug|x86.Build.0 = Debug|Win32
		{1B3A9B81-50D4-4B45-B6E0-0F6AAEE6185D}.Release|x64.ActiveCfg = Release|x64
		{1B3A9B81-50D4-4B45-B6E0-0F6AAEE6185D}.Release|x64.Build.0 = Release|x64
		{1B3A9B81-50D4-4B45-B6E0-0F6AAEE6185D}.Release|x86.ActiveCfg = Release|Win32
		{1B3A9B81-50D4-4B45-B6E0-0F6AAEE6185D}.Release|x86.Build.0 = Release|Win32
		{E1433EA7-2D08-4FE8-AD69-7EF7F6165411}.Debug|x64.ActiveCfg = Debug|x64
		{E1433EA7-2D08-4FE8-AD69-7EF7F6165411}.Debug|x64.Build.0 = Debug|x64
		{E1433EA7-2D08-4FE8-AD69-7EF7F6165411}.Debug|x86.ActiveCfg = Debug|Win32
		{E1433EA7-2D08-4FE8-AD69-7EF7F6165411}.Debug|x86.Build.0 = Debug|Win32
		{E1433EA7-2D08-4FE8-AD69-7EF7F6165411}.Release|x64.ActiveCfg = Release|x64
		{E1433EA7-2D08-4FE8-AD69-7EF7F6165411}.Release|x64.Build.0 = Release|x64
		{E1433EA7-2D08-4FE8-AD69-7EF7F6165411}.Release|x86.ActiveCfg = Release|Win32
		{E1433EA7-2D08-4FE8-AD69-7EF7F6165411}.Release|x86.Build.0 = Release|Win32
		{ACB8CDAA-E35B-40C9-B29A-127A34B601EA}.Debug|x64.ActiveCfg = Debug|x64
		{ACB8CDAA-E35B-40C9-B29A-127A34B601EA}.Debug|x64.Build.0 = Debug|x64
		{ACB8CDAA-E35B-40C9-B29A-127A34B601EA}.Debug|x86.ActiveCfg = Debug|Win32
		{ACB8CDAA-E35B-40C9-B29A-127A34B601EA}.Debug|x86.Build.0 = Debug|Win32
		{ACB8CDAA-E35B-40C9-B29A-127A34B601EA}.Release|x64.ActiveCfg = Release|x64
		{ACB8CDAA-E35B-40C9-B29A-127A34B601EA}.Release|x64.Build.0 = Release|x64
		{ACB8CDAA-E35B-40C9-B29A-127A34B601EA}.Release|x86.ActiveCfg = Release|Win32
		{ACB8CDAA-E35B-40C9-B29A-127A34B601EA}.Release|x86.Build.0 = Release|Win32
		{BE03D7C9-02C0-4833-A6BF-67D3AE2C3F69}.Debug|x64.ActiveCfg = Debug|x64
		{BE03D7C9-02C0-4833-A6BF-67D3AE2C3F69}.Debug|x64.Build.0 = Debug|x64
		{BE03D7C9-02C0-4833-A6BF-67D3AE2C3F69}.Debug|x86.ActiveCfg = Debug|Win32
		{BE03D7C9-02C0-4833-A6BF-67D3AE2C3F69}.Debug|x86.Build.0 = Debug|Win32
		{BE03D7C9-02C0-4833-A6BF-67D3AE2C3F69}.Release|x64.ActiveCfg = Release|x64
		{BE03D7C9-02C0-4833-A6BF-67D3AE2C3F69}.Release|x64.Build.0 = Release|x64
		{BE03D7C9-02C0-4833-A6BF-67D3AE2C3F69}.Release|x86.ActiveCfg = Release|Win32
		{BE03D7C9-02C0-4833-A6BF-67D3AE2C3F69}.Release|x86.Build.0 = Release|Win32
		{C7A45422-FC31-4B20-AB90-962FAB66257B}.Debug|x64.ActiveCfg = Debug|x64
		{C7A45422-FC31-4B20-AB90-962FAB66257B}.Debug|x64.Build.0 = Debug|x64
		{C7A45422-FC31-4B20-AB90-962FAB66257B}.Debug|x86.ActiveCfg = Debug|Win32
		{C7A45422-FC31-4B20-AB90-962FAB66257B}.Debug|x86.Build.0 = Debug|Win32
		{C7A45422-FC31-4B20-AB90-962FAB66257B}.Release|x64.ActiveCfg = Release|x64
		{C7A45422-FC31-4B20-AB90-962FAB66257B}.Release|x64.Build.0 = Release|x64
		{C7A45422-FC31-4B20-AB90-962FAB66257B}.Release|x86.ActiveCfg = Release|Win32
		{C7A45422-FC31-4B20-AB90-962FAB66257B}.Release|x86.Build.0 = Release|Win32
		{82E55138-BA44-4435-B380-DC413F581B8D}.Debug|x64.ActiveCfg = Debug|x64
		{82E55138-BA44-4435-B380-DC413F581B8D}.Debug|x64.Build.0 = Debug|x64
		{82E55138-BA44-4435-B380-DC413F581B8D}.Debug|x86.ActiveCfg = Debug|Win32
		{82E55138-BA44-4435-B380-DC413F581B8D}.Debug|x86.Build.0 = Debug|Win32
		{82E55138-BA44-4435-B380-DC413F581B8D}.Release|x64.ActiveCfg = Release|x64
		{82E55138-BA44-4435-B380-DC413F581B8D}.Release|x64.Build.0 = Release|x64
		{82E55138-BA44-4435-B380-DC413F581B8D}.Release|x86.ActiveCfg = Release|Win32
		{82E55138-BA44-4435-B380-DC413F581B8D}.Release|x86.Build.0 = Release|Win32
		{B9A64F82-C536-49F1-8CD7-21DAC2662359}.Debug|x64.ActiveCfg = Debug|x64
		{B9A64F82-C536-49F1-8CD7-21DAC2662359}.Debug|x64.Build.0 = Debug|x64
		{B9A64F82-C536-49F1-8CD7-21DAC2662359}.Debug|x86.ActiveCfg = Debug|Win32
		{B9A64F82-C536-49F1-8CD7-21DAC2662359}.Debug|x86.Build.0 = Debug|Win32
		{B9A64F82-C536-49F1-8CD7-21DAC2662359}.Release|x64.ActiveCfg = Release|x64
		{B9A64F82-C536-49F1-8CD7-21DAC2662359}.Release|x64.Build.0 = Release|x64
		{B9A64F82-C536-49F1-8CD7-21DAC2662359}.Release|x86.ActiveCfg = Release|Win32
		{B9A64F82-C536-49F1-8CD7-21DAC2662359}.Release|x86.Build.0 = Release|Win32
		{49E22837-A0FB-4C9A-A25C-CB18D2CAD7F2}.Debug|x64.ActiveCfg = Debug|x64
		{49E22837-A0FB-4C9A-A25C-CB18D2CAD7F2}.Debug|x64.Build.0 = Debug|x64
		{49E22837-A0FB-4C9A-A25C-CB18D2CAD7F2}.Debug|x86.ActiveCfg = Debug|Win32
		{49E22837-A0FB-4C9A-A25C-CB18D2CAD7F2}.Debug|x86.Build.0 = Debug|Win32
		{49E22837-A0FB-4C9A-A25C-CB18D2CAD7F2}.Release|x64.ActiveCfg = Release|x64
		{49E22837-A0FB-4C9A-A25C-CB18D2CAD7F2}.Release|x64.Build.0 = Release|x64
		{49E22837-A0FB-4C9A-A25C-CB18D2CAD7F2}.Release|x86.ActiveCfg = Release|Win32
		{49E22837-A0FB-4C9A-A25C-CB18D2CAD7F2}.Release|x86.Build.0 = Release|Win32
		{F658A1A2-DDE7-4A2F-9062-F85010EE5C3E}.Debug|x64.ActiveCfg = Debug|x64
		{F658A1A2-DDE7-4A2F-9062-F85010EE5C3E}.Debug|x64.Build.0 = Debug|x64
		{F658A1A2-DDE7-4A2F-9062-F85010EE5C3E}.Debug|x86.ActiveCfg = Debug|Win32
		{F658A1A2-DDE7-4A2F-9062-F85010EE5C3E}.Debug|x86.Build.0 = Debug|Win32
		{F658A1A2-DDE7-4A2F-9062-F85010EE5C3E}.Release|x64.ActiveCfg = Release|x64
		{F658A1A2-DDE7-4A2F-9062-F85010EE5C3E}.Release|x64.Build.0 = Release|x64
		{F658A1A2-DDE7-4A2F-9062-F85010EE5C3E}.Release|x86.ActiveCfg = Release|Win32
		{F658A1A2-DDE7-4A2F-9062-F85010EE5C3E}.Release|x86.Build.0 = Release|Win32
		{33FB761C-42D4-4C7F-8B7D-27AB87E94989}.Debug|x64.ActiveCfg = Debug|x64
		{33FB761C-42D4-4C7F-8B7D-27AB87E94989}.Debug|x64.Build.0 = Debug|x64
		{33FB761C-42D4-4C7F-8B7D-27AB87E94989}.Debug|x86.ActiveCfg = Debug|Win32
		{33FB761C-42D4-4C7F-8B7D-27AB87E94989}.Debug|x86.Build.0 = Debug|Win32
		{33FB761C-42D4-4C7F-8B7D-27AB87E94989}.Release|x64.ActiveCfg = Release|x64
		{33FB761C-42D4-4C7F-8B7D-27AB87E94989}.Release|x64.Build.0 = Release|x64
		{33FB761C-42D4-4C7F-8B7D-27AB87E94989}.Release|x86.ActiveCfg = Release|Win32
		{33FB761C-42D4-4C7F-8B7D-27AB87E94989}.Release|x86.Build.0 = Release|Win32
		{C06D2226-A11A-4D39-B83F-A4600A509F4E}.Debug|x64.ActiveCfg = Debug|x64
		{C06D2226-A11A-4D39-B83F-A4600A509F4E}.Debug|x64.Build.0 = Debug|x64
		{C06D2226-A11A-4D39-B83F-A4600A509F4E}.Debug|x86.ActiveCfg = Debug|Win32
		{C06D2226-A11A-4D39-B83F-A4600A509F4E}.Debug|x86.Build.0 = Debug|Win32
		{C06D2226-A11A-4D39-B83F-A4600A509F4E}.Release|x64.ActiveCfg = Release|x64
		{C06D2226-A11A-4D39-B83F-A4600A509F4E}.Release|x64.Build.0 = Release|x64
		{C06D2226-A11A-4D39-B83F-A4600A509F4E}.Release|x86.ActiveCfg = Release|Win32
		{C06D2226-A11A-4D39-B83F-A4600A509F4E}.Release|x86.Build.0 = Release|Win32
		{A9BE8A11-FFA7-453B-996D-9A7106F7C3D4}.Debug|x64.ActiveCfg = Debug|x64
		{A9BE8A11-FFA7-453B-996D-9A7106F7C3D4}.Debug|x64.Build.0 = Debug|x64
		{A9BE8A11-FFA7-453B-996D-9A7106F7C3D4}.Debug|x86.ActiveCfg = Debug|Win32
		{A9BE8A11-FFA7-453B-996D-9A7106F7C3D4}.Debug|x86.Build.0 = Debug|Win32
		{A9BE8A11-FFA7-453B-996D-9A7106F7C3D4}.Release|x64.ActiveCfg = Release|x64
		{A9BE8A11-FFA7-453B-996D-9A7106F7C3D4}.Release|x64.Build.0 = Release|x64
		{A9BE8A11-FFA7-453B-996D-9A7106F7C3D4}.Release|x86.ActiveCfg = Release|Win32
		{A9BE8A11-FFA7-453B-996D-9A7106F7C3D4}.Release|x86.Build.0 = Release|Win32
		{31F39521-C1C8-43A7-BCB3-F3BAAA98ED54}.Debug|x64.ActiveCfg = Debug|x64
		{31F39521-C1C8-43A7-BCB3-F3BAAA98ED54}.Debug|x64.Build.0 = Debug|x64
		{31F39521-C1C8-43A7-BCB3-F3BAAA98ED54}.Debug|x86.ActiveCfg = Debug|Win32
		{31F39521-C1C8-43A7-BCB3-F3BAAA98ED54}.Debug|x86.Build.0 = Debug|Win32
		{31F39521-C1C8-43A7-BCB3-F3BAAA98ED54}.Release|x64.ActiveCfg = Release|x64
		{31F39521-C1C8-43A7-BCB3-F3BAAA98ED54}.Release|x64.Build.0 = Release|x64
		{31F39521-C1C8-43A7-BCB3-F3BAAA98ED54}.Release|x86.ActiveCfg = Release|Win32
		{31F39521-C1C8-43A7-BCB3-F3BAAA98ED54}.Release|x86.Build.0 = Release|Win32
		{E4C799B7-9077-45DB-A982-B09EA6158E00}.Debug|x64.ActiveCfg = Debug|x64
		{E4C799B7-9077-45DB-A982-B09EA6158E00}.Debug|x64.Build.0 = Debug|x64
		{E4C799B7-9077-45DB-A982-B09EA6158E00}.Debug|x86.ActiveCfg = Debug|Win32
		{E4C799B7-9077-45DB-A982-B09EA6158E00}.Debug|x86.Build.0 = Debug|Win32
		{E4C799B7-9077-45DB-A982-B09EA6158E00}.Release|x64.ActiveCfg = Release|x64
		{E4C799B7-9077-45DB-A982-B09EA6158E00}.Release|x64.Build.0 = Release|x64
		{E4C799B7-9077-45DB-A982-B09EA6158E00}.Release|x86.ActiveCfg = Release|Win32
		{E4C799B7-9077-45DB-A982-B09EA6158E00}.Release|x86.Build.0 = Release|Win32
		{4992013E-FE70-414A-B0EF-BAB251444D40}.Debug|x64.ActiveCfg = Debug|x64
		{4992013E-FE70-414A-B0EF-BAB251444D40}.Debug|x64.Build.0 = Debug|x64
		{4992013E-FE70-414A-B0EF-BAB251444D40}.Debug|x86.ActiveCfg = Debug|Win32
		{4992013E-FE70-414A-B0EF-BAB251444D40}.Debug|x86.Build.0 = Debug|Win32
		{4992013E-FE70-414A-B0EF-BAB251444D40}.Release|x64.ActiveCfg = Release|x64
		{4992013E-FE70-414A-B0EF-BAB251444D40}.Release|x64.Build.0 = Release|x64
		{4992013E-FE70-414A-B0EF-BAB251444D40}.Release|x86.ActiveCfg = Release|Win32
		{4992013E-FE70-414A-B0EF-BAB251444D40}.Release|x86.Build.0 = Release|Win32
		{1175DC58-B0A7-4E54-BF35-750D642C9578}.Debug|x64.ActiveCfg = Debug|x64
		{1175DC58-B0A7-4E54-BF35-750D642C9578}.Debug|x64.Build.0 = Debug|x64
		{1175DC58-B0A7-4E54-BF35-750D642C9578}.Debug|x86.ActiveCfg = Debug|Win32
		{1175DC58-B0A7-4E54-BF35-750D642C9578}.Debug|x86.Build.0 = Debug|Win32
		{1175DC58-B0A7-4E54-BF35-750D642C9578}.Release|x64.ActiveCfg = Release|x64
		{1175DC58-B0A7-4E54-BF35-750D642C9578}.Release|x64.Build.0 = Release|x64
		{1175DC58-B0A7-4E54-BF35-750D642C9578}.Release|x86.ActiveCfg = Release|Win32
		{1175DC58-B0A7-4E54-BF35-750D642C9578}.Release|x86.Build.0 = Release|Win32
		{6A14C7A1-A172-4433-940C-B2357B74DBC0}.Debug|x64.ActiveCfg = Debug|x64
		{6A14C7A1-A172-4433-940C-B2357B74DBC0}.Debug|x64.Build.0 = Debug|x64
		{6A14C7A1-A172-4433-940C-B2357B74DBC0}.Debug|x86.ActiveCfg = Debug|Win32
		{6A14C7A1-A172-4433-940C-B2357B74DBC0}.Debug|x86.Build.0 = Debug|Win32
		{6A14C7A1-A172-4433-940C-B2357B74DBC0}.Release|x64.ActiveCfg = Release|x64
		{6A14C7A1-A172-4433-940C-B2357B74DBC0}.Release|x64.Build.0 = Release|x64
		{6A14C7A1-A172-4433-940C-B2357B74DBC0}.Release|x86.ActiveCfg = Release|Win32
		{6A14C7A1-A172-4433-940C-B2357B74DBC0}.Release|x86.Build.0 = Release|Win32
		{E70BBAC2-34ED-488A-8B88-7A0CF0F18AC7}.Debug|x64.ActiveCfg = Debug|x64
		{E70BBAC2-34ED-488A-8B88-7A0CF0F18AC7}.Debug|x64.Build.0 = Debug|x64
		{E70BBAC2-34ED-488A-8B88-7A0CF0F18AC7}.Debug|x86.ActiveCfg = Debug|Win32
		{E70BBAC2-34ED-488A-8B88-7A0CF0F18AC7}.Debug|x86.Build.0 = Debug|Win32
		{E70BBAC2-34ED-488A-8B88-7A0CF0F18AC7}.Release|x64.ActiveCfg = Release|x64
		{E70BBAC2-34ED-488A-8B88-7A0CF0F18AC7}.Release|x64.Build.0 = Release|x64
		{E70BBAC2-34ED-488A-8B88-7A0CF0F18AC7}.Release|x86.ActiveCfg = Release|Win32
		{E70BBAC2-34ED-488A-8B88-7A0CF0F18AC7}.Release|x86.Build.0 = Release|Win32
		{0720A8AF-2215-4A12-A538-DE5AD9F65ABC}.Debug|x64.ActiveCfg = Debug|x64
		{0720A8AF-2215-4A12-A538-DE5AD9F65ABC}.Debug|x64.Build.0 = Debug|x64
		{0720A8AF-2215-4A12-A538-DE5AD9F65ABC}.Debug|x86.ActiveCfg = Debug|Win32
		{0720A8AF-2215-4A12-A538-DE5AD9F65ABC}.Debug|x86.Build.0 = Debug|Win32
		{0720A8AF-2215-4A12-A538-DE5AD9F65ABC}.Release|x64.ActiveCfg = Release|x64
		{0720A8AF-2215-4A12-A538-DE5AD9F65ABC}.Release|x64.Build.0 = Release|x64
		{0720A8AF-2215-4A12-A538-DE5AD9F65ABC}.Release|x86.ActiveCfg = Release|Win32
		{0720A8AF-2215-4A12-A538-DE5AD9F65ABC}.Release|x86.Build.0 = Release|Win32
		{F23E672D-2E33-434B-A246-233BC1CB695F}.Debug|x64.ActiveCfg = Debug|x64
		{F23E672D-2E33-434B-A246-233BC1CB695F}.Debug|x64.Build.0 = Debug|x64
		{F23E672D-2E33-434B-A246-233BC1CB695F}.Debug|x86.ActiveCfg = Debug|Win32
		{F23E672D-2E33-434B-A246-233BC1CB695F}.Debug|x86.Build.0 = Debug|Win32
		{F23E672D-2E33-434B-A246-233BC1CB695F}.Release|x64.ActiveCfg = Release|x64
		{F23E672D-2E33-434B-A246-233BC1CB695F}.Release|x64.Build.0 = Release|x64
		{F23E672D-2E33-434B-A246-233BC1CB695F}.Release|x86.ActiveCfg = Release|Win32
		{F23E672D-2E33-434B-A246-233BC1CB695F}.Release|x86.Build.0 = Release|Win32
		{D776F376-1D68-4422-9216-18EB27CA2468}.Debug|x64.ActiveCfg = Debug|x64
		{D776F376-1D68-4422-9216-18EB27CA2468}.Debug|x64.Build.0 = Debug|x64
		{D776F376-1D68-4422-9216-18EB27CA2468}.Debug|x86.ActiveCfg = Debug|Win32
		{D776F376-1D68-4422-9216-18EB27CA2468}.Debug|x86.Build.0 = Debug|Win32
		{D776F376-1D68-4422-9216-18EB27CA2468}.Release|x64.ActiveCfg = Release|x64
		{D776F376-1D68-4422-9216-18EB27CA2468}.Release|x64.Build.0 = Release|x64
		{D776F376-1D68-4422-9216-18EB27CA2468}.Release|x86.ActiveCfg = Release|Win32
		{D776F376-1D68-4422-9216-18EB27CA2468}.Release|x86.Build.0 = Release|Win32
	EndGlobalSection
	GlobalSection(SolutionProperties) = preSolution
		HideSolutionNode = FALSE
	EndGlobalSection
	GlobalSection(NestedProjects) = preSolution
		{82A586DC-C8C6-408D-8A76-7D2F521D0B46} = {BE9B50AC-37FF-4C52-BB89-2A878F87A9DB}
		{28AB9CDC-9313-4248-AFAD-E7CC81445CA3} = {BE9B50AC-37FF-4C52-BB89-2A878F87A9DB}
		{3EEF51CE-0835-4DA8-99F6-497BFBC09C10} = {BE9B50AC-37FF-4C52-BB89-2A878F87A9DB}
		{058BAEE9-FB6B-4998-913B-03F025C0FEE1} = {BE9B50AC-37FF-4C52-BB89-2A878F87A9DB}
		{882F9353-9B9B-4679-B081-FD9DC3F579AB} = {BE9B50AC-37FF-4C52-BB89-2A878F87A9DB}
		{5B7C5562-022C-4EEC-9B3A-CD5CC2A56733} = {BE9B50AC-37FF-4C52-BB89-2A878F87A9DB}
		{BE03D7C9-02C0-4833-A6BF-67D3AE2C3F69} = {AB761F73-83DF-49E5-B238-DB642AAF3B7D}
		{4992013E-FE70-414A-B0EF-BAB251444D40} = {BE9B50AC-37FF-4C52-BB89-2A878F87A9DB}
		{E70BBAC2-34ED-488A-8B88-7A0CF0F18AC7} = {9AE871EC-6769-436C-A224-A7E114E9A786}
		{0720A8AF-2215-4A12-A538-DE5AD9F65ABC} = {AB761F73-83DF-49E5-B238-DB642AAF3B7D}
	EndGlobalSection
	GlobalSection(ExtensibilityGlobals) = postSolution
		SolutionGuid = {F36C3E47-E73B-4162-8639-694B68703941}
	EndGlobalSection
EndGlobal
